PODS:
  - Alamofire (4.8.2)
  - Alamofire-SwiftyJSON (3.0.0):
    - Alamofire (~> 4.5)
    - SwiftyJSON (~> 4.0.0)
  - NMapsMap (3.4.0)
  - NVActivityIndicatorView (4.7.0):
    - NVActivityIndicatorView/Presenter (= 4.7.0)
  - NVActivityIndicatorView/Presenter (4.7.0)
  - Realm (3.12.0):
    - Realm/Headers (= 3.12.0)
  - Realm/Headers (3.12.0)
  - RealmSwift (3.12.0):
    - Realm (= 3.12.0)
  - RxAlamofire (4.4.1):
    - RxAlamofire/Core (= 4.4.1)
  - RxAlamofire/Core (4.4.1):
    - Alamofire (~> 4.8)
    - RxSwift (~> 4.5)
  - RxCocoa (4.5.0):
    - RxSwift (>= 4.4.2, ~> 4.4)
  - RxSwift (4.5.0)
  - SwiftyJSON (4.0.0)
  - Swinject (2.6.2)

DEPENDENCIES:
  - Alamofire-SwiftyJSON
  - NMapsMap
  - NVActivityIndicatorView
  - RealmSwift (~> 3.12.0)
  - RxAlamofire
  - RxCocoa
  - RxSwift
  - SwiftyJSON
  - Swinject

SPEC REPOS:
  https://github.com/cocoapods/specs.git:
    - Alamofire
    - Alamofire-SwiftyJSON
    - NMapsMap
    - NVActivityIndicatorView
    - Realm
    - RealmSwift
    - RxAlamofire
    - RxCocoa
    - RxSwift
    - SwiftyJSON
    - Swinject

SPEC CHECKSUMS:
  Alamofire: ae5c501addb7afdbb13687d7f2f722c78734c2d3
  Alamofire-SwiftyJSON: 2b3649d57dc7bb2880fb8b86f8bb969397666916
  NMapsMap: 6b5e37bdf0f4e38173865418e0d97d06cd1110e4
  NVActivityIndicatorView: b19ddab2576f805cbe0fb2306cba3476e09a1dea
  Realm: cdaef23c4ddb36ab1ddffed23f5a7f3332fc5585
  RealmSwift: 5576324033f0aa5ef1e0a839a3da2281dff47a7f
  RxAlamofire: ed65f451f5a9a59419b0b9e705043dc01410edd9
  RxCocoa: cbf70265dc65a981d4ac982e513c10cf23df24a0
  RxSwift: f172070dfd1a93d70a9ab97a5a01166206e1c575
  SwiftyJSON: 070dabdcb1beb81b247c65ffa3a79dbbfb3b48aa
  Swinject: cf7458774b1b00323080a9c67e47a1ee7f9d2af1

PODFILE CHECKSUM: 11c459aaab048696f87a8467990f2bf6338a8287

COCOAPODS: 1.7.3
