// !$*UTF8*$!
{
	archiveVersion = 1;
	classes = {
	};
	objectVersion = 48;
	objects = {

/* Begin PBXBuildFile section */
		ABE5FDB09BF82363A5E976B2 /* Pods_OhJooYeo.framework in Frameworks */ = {isa = PBXBuildFile; fileRef = 2DC05C92859A22DAA1E8A736 /* Pods_OhJooYeo.framework */; };
		CA050141214196BC00B89F3D /* WorshipIdListData.swift in Sources */ = {isa = PBXBuildFile; fileRef = CA050140214196BC00B89F3D /* WorshipIdListData.swift */; };
		CA0AB21620C23C190028BC69 /* AdvertisementTableViewCell.swift in Sources */ = {isa = PBXBuildFile; fileRef = CA0AB21520C23C190028BC69 /* AdvertisementTableViewCell.swift */; };
		CA0AB21820C23ECE0028BC69 /* Advertisement.swift in Sources */ = {isa = PBXBuildFile; fileRef = CA0AB21720C23ECE0028BC69 /* Advertisement.swift */; };
		CA22838120943F2A0023B3C1 /* AppDelegate.swift in Sources */ = {isa = PBXBuildFile; fileRef = CA22838020943F2A0023B3C1 /* AppDelegate.swift */; };
		CA22838320943F2A0023B3C1 /* MainViewController.swift in Sources */ = {isa = PBXBuildFile; fileRef = CA22838220943F2A0023B3C1 /* MainViewController.swift */; };
		CA22838620943F2B0023B3C1 /* Main.storyboard in Resources */ = {isa = PBXBuildFile; fileRef = CA22838420943F2B0023B3C1 /* Main.storyboard */; };
		CA22838B20943F2C0023B3C1 /* Assets.xcassets in Resources */ = {isa = PBXBuildFile; fileRef = CA22838A20943F2C0023B3C1 /* Assets.xcassets */; };
		CA22838E20943F2C0023B3C1 /* LaunchScreen.storyboard in Resources */ = {isa = PBXBuildFile; fileRef = CA22838C20943F2C0023B3C1 /* LaunchScreen.storyboard */; };
		CA3080C52130F6EC00255A7E /* WorshipCellData.swift in Sources */ = {isa = PBXBuildFile; fileRef = CA3080C42130F6EC00255A7E /* WorshipCellData.swift */; };
		CA3080C92130FDB600255A7E /* UtilFunction.swift in Sources */ = {isa = PBXBuildFile; fileRef = CA3080C82130FDB600255A7E /* UtilFunction.swift */; };
		CA3080CC2130FE0400255A7E /* ConstantString.swift in Sources */ = {isa = PBXBuildFile; fileRef = CA3080CB2130FE0400255A7E /* ConstantString.swift */; };
		CA3080CE2130FE1600255A7E /* ExtensionNotificationName.swift in Sources */ = {isa = PBXBuildFile; fileRef = CA3080CD2130FE1600255A7E /* ExtensionNotificationName.swift */; };
		CA42ED10213A36F400F9BB6E /* WorshipIdDate.swift in Sources */ = {isa = PBXBuildFile; fileRef = CA42ED0F213A36F400F9BB6E /* WorshipIdDate.swift */; };
		CA4FA40420B926C600BE6730 /* PhraseDetailViewController.swift in Sources */ = {isa = PBXBuildFile; fileRef = CA4FA40320B926C600BE6730 /* PhraseDetailViewController.swift */; };
		CA4FA40720B926E400BE6730 /* AdvertisementViewController.swift in Sources */ = {isa = PBXBuildFile; fileRef = CA4FA40620B926E400BE6730 /* AdvertisementViewController.swift */; };
		CA4FA40920B9270800BE6730 /* PraiseViewController.swift in Sources */ = {isa = PBXBuildFile; fileRef = CA4FA40820B9270800BE6730 /* PraiseViewController.swift */; };
		CA4FA40F20B9406300BE6730 /* OrderTableViewCell.swift in Sources */ = {isa = PBXBuildFile; fileRef = CA4FA40E20B9406300BE6730 /* OrderTableViewCell.swift */; };
		CA4FA41220B940D900BE6730 /* NextPresenterTableViewCell.swift in Sources */ = {isa = PBXBuildFile; fileRef = CA4FA41120B940D900BE6730 /* NextPresenterTableViewCell.swift */; };
		CA4FA41520B9420400BE6730 /* WorshipOrder.swift in Sources */ = {isa = PBXBuildFile; fileRef = CA4FA41420B9420400BE6730 /* WorshipOrder.swift */; };
		CA70536220BAECAF00815D37 /* PhraseDetailTableViewCell.swift in Sources */ = {isa = PBXBuildFile; fileRef = CA70536120BAECAF00815D37 /* PhraseDetailTableViewCell.swift */; };
		CA70536420BAEDBC00815D37 /* PhraseMessage.swift in Sources */ = {isa = PBXBuildFile; fileRef = CA70536320BAEDBC00815D37 /* PhraseMessage.swift */; };
		CA7A426A20B94C080097D99E /* Worship.swift in Sources */ = {isa = PBXBuildFile; fileRef = CA7A426920B94C080097D99E /* Worship.swift */; };
		CAA6B99E20F9CAFB00E802BC /* Music.swift in Sources */ = {isa = PBXBuildFile; fileRef = CAA6B99D20F9CAFB00E802BC /* Music.swift */; };
		CAE645E42123C19700B109B7 /* DbEntityNameConstant.swift in Sources */ = {isa = PBXBuildFile; fileRef = CAE645E32123C19700B109B7 /* DbEntityNameConstant.swift */; };
		CAE645E62123C45F00B109B7 /* WorshipOrderDAO.swift in Sources */ = {isa = PBXBuildFile; fileRef = CAE645E52123C45F00B109B7 /* WorshipOrderDAO.swift */; };
		CAFA549C2104765300C4A808 /* OhJooYeoTests.swift in Sources */ = {isa = PBXBuildFile; fileRef = CAFA549B2104765300C4A808 /* OhJooYeoTests.swift */; };
		CAFB287520D4D47200B72722 /* DbManager.swift in Sources */ = {isa = PBXBuildFile; fileRef = CAFB287420D4D47200B72722 /* DbManager.swift */; };
		CAFB287720D4D61600B72722 /* PhraseMessageDAO.swift in Sources */ = {isa = PBXBuildFile; fileRef = CAFB287620D4D61600B72722 /* PhraseMessageDAO.swift */; };
		CAFB287920D4E6F400B72722 /* API.swift in Sources */ = {isa = PBXBuildFile; fileRef = CAFB287820D4E6F400B72722 /* API.swift */; };
		CAFB287B20D4E7CA00B72722 /* App.swift in Sources */ = {isa = PBXBuildFile; fileRef = CAFB287A20D4E7CA00B72722 /* App.swift */; };
		CAFB287D20D4E7DE00B72722 /* GlobalState.swift in Sources */ = {isa = PBXBuildFile; fileRef = CAFB287C20D4E7DE00B72722 /* GlobalState.swift */; };
		CAFB288020D4EF1F00B72722 /* OhJooYeo.xcdatamodeld in Sources */ = {isa = PBXBuildFile; fileRef = CAFB287E20D4EF1F00B72722 /* OhJooYeo.xcdatamodeld */; };
		CAFB288220D4F13A00B72722 /* WorshipDAO.swift in Sources */ = {isa = PBXBuildFile; fileRef = CAFB288120D4F13900B72722 /* WorshipDAO.swift */; };
/* End PBXBuildFile section */

/* Begin PBXContainerItemProxy section */
		CAFA549E2104765300C4A808 /* PBXContainerItemProxy */ = {
			isa = PBXContainerItemProxy;
			containerPortal = CA22837520943F290023B3C1 /* Project object */;
			proxyType = 1;
			remoteGlobalIDString = CA22837C20943F290023B3C1;
			remoteInfo = OhJooYeo;
		};
/* End PBXContainerItemProxy section */

/* Begin PBXFileReference section */
		2DC05C92859A22DAA1E8A736 /* Pods_OhJooYeo.framework */ = {isa = PBXFileReference; explicitFileType = wrapper.framework; includeInIndex = 0; path = Pods_OhJooYeo.framework; sourceTree = BUILT_PRODUCTS_DIR; };
		BFB1C7F459FC8559E66D199F /* Pods-OhJooYeo.release.xcconfig */ = {isa = PBXFileReference; includeInIndex = 1; lastKnownFileType = text.xcconfig; name = "Pods-OhJooYeo.release.xcconfig"; path = "Pods/Target Support Files/Pods-OhJooYeo/Pods-OhJooYeo.release.xcconfig"; sourceTree = "<group>"; };
		CA050140214196BC00B89F3D /* WorshipIdListData.swift */ = {isa = PBXFileReference; lastKnownFileType = sourcecode.swift; path = WorshipIdListData.swift; sourceTree = "<group>"; };
		CA0AB21520C23C190028BC69 /* AdvertisementTableViewCell.swift */ = {isa = PBXFileReference; lastKnownFileType = sourcecode.swift; path = AdvertisementTableViewCell.swift; sourceTree = "<group>"; };
		CA0AB21720C23ECE0028BC69 /* Advertisement.swift */ = {isa = PBXFileReference; lastKnownFileType = sourcecode.swift; path = Advertisement.swift; sourceTree = "<group>"; };
		CA22837D20943F290023B3C1 /* OhJooYeo.app */ = {isa = PBXFileReference; explicitFileType = wrapper.application; includeInIndex = 0; path = OhJooYeo.app; sourceTree = BUILT_PRODUCTS_DIR; };
		CA22838020943F2A0023B3C1 /* AppDelegate.swift */ = {isa = PBXFileReference; lastKnownFileType = sourcecode.swift; path = AppDelegate.swift; sourceTree = "<group>"; };
		CA22838220943F2A0023B3C1 /* MainViewController.swift */ = {isa = PBXFileReference; lastKnownFileType = sourcecode.swift; path = MainViewController.swift; sourceTree = "<group>"; };
		CA22838520943F2B0023B3C1 /* Base */ = {isa = PBXFileReference; lastKnownFileType = file.storyboard; name = Base; path = Base.lproj/Main.storyboard; sourceTree = "<group>"; };
		CA22838A20943F2C0023B3C1 /* Assets.xcassets */ = {isa = PBXFileReference; lastKnownFileType = folder.assetcatalog; path = Assets.xcassets; sourceTree = "<group>"; };
		CA22838D20943F2C0023B3C1 /* Base */ = {isa = PBXFileReference; lastKnownFileType = file.storyboard; name = Base; path = Base.lproj/LaunchScreen.storyboard; sourceTree = "<group>"; };
		CA22838F20943F2C0023B3C1 /* Info.plist */ = {isa = PBXFileReference; lastKnownFileType = text.plist.xml; path = Info.plist; sourceTree = "<group>"; };
		CA3080C42130F6EC00255A7E /* WorshipCellData.swift */ = {isa = PBXFileReference; lastKnownFileType = sourcecode.swift; path = WorshipCellData.swift; sourceTree = "<group>"; };
		CA3080C82130FDB600255A7E /* UtilFunction.swift */ = {isa = PBXFileReference; lastKnownFileType = sourcecode.swift; path = UtilFunction.swift; sourceTree = "<group>"; };
		CA3080CB2130FE0400255A7E /* ConstantString.swift */ = {isa = PBXFileReference; lastKnownFileType = sourcecode.swift; path = ConstantString.swift; sourceTree = "<group>"; };
		CA3080CD2130FE1600255A7E /* ExtensionNotificationName.swift */ = {isa = PBXFileReference; lastKnownFileType = sourcecode.swift; path = ExtensionNotificationName.swift; sourceTree = "<group>"; };
		CA42ED0F213A36F400F9BB6E /* WorshipIdDate.swift */ = {isa = PBXFileReference; lastKnownFileType = sourcecode.swift; path = WorshipIdDate.swift; sourceTree = "<group>"; };
		CA4FA40320B926C600BE6730 /* PhraseDetailViewController.swift */ = {isa = PBXFileReference; lastKnownFileType = sourcecode.swift; path = PhraseDetailViewController.swift; sourceTree = "<group>"; };
		CA4FA40620B926E400BE6730 /* AdvertisementViewController.swift */ = {isa = PBXFileReference; lastKnownFileType = sourcecode.swift; path = AdvertisementViewController.swift; sourceTree = "<group>"; };
		CA4FA40820B9270800BE6730 /* PraiseViewController.swift */ = {isa = PBXFileReference; lastKnownFileType = sourcecode.swift; path = PraiseViewController.swift; sourceTree = "<group>"; };
		CA4FA40E20B9406300BE6730 /* OrderTableViewCell.swift */ = {isa = PBXFileReference; lastKnownFileType = sourcecode.swift; path = OrderTableViewCell.swift; sourceTree = "<group>"; };
		CA4FA41120B940D900BE6730 /* NextPresenterTableViewCell.swift */ = {isa = PBXFileReference; lastKnownFileType = sourcecode.swift; path = NextPresenterTableViewCell.swift; sourceTree = "<group>"; };
		CA4FA41420B9420400BE6730 /* WorshipOrder.swift */ = {isa = PBXFileReference; lastKnownFileType = sourcecode.swift; path = WorshipOrder.swift; sourceTree = "<group>"; };
		CA70536120BAECAF00815D37 /* PhraseDetailTableViewCell.swift */ = {isa = PBXFileReference; lastKnownFileType = sourcecode.swift; path = PhraseDetailTableViewCell.swift; sourceTree = "<group>"; };
		CA70536320BAEDBC00815D37 /* PhraseMessage.swift */ = {isa = PBXFileReference; lastKnownFileType = sourcecode.swift; path = PhraseMessage.swift; sourceTree = "<group>"; };
		CA7A426920B94C080097D99E /* Worship.swift */ = {isa = PBXFileReference; lastKnownFileType = sourcecode.swift; path = Worship.swift; sourceTree = "<group>"; };
		CAA6B99D20F9CAFB00E802BC /* Music.swift */ = {isa = PBXFileReference; lastKnownFileType = sourcecode.swift; path = Music.swift; sourceTree = "<group>"; };
		CAE645E32123C19700B109B7 /* DbEntityNameConstant.swift */ = {isa = PBXFileReference; lastKnownFileType = sourcecode.swift; path = DbEntityNameConstant.swift; sourceTree = "<group>"; };
		CAE645E52123C45F00B109B7 /* WorshipOrderDAO.swift */ = {isa = PBXFileReference; lastKnownFileType = sourcecode.swift; path = WorshipOrderDAO.swift; sourceTree = "<group>"; };
		CAFA54992104765300C4A808 /* OhJooYeoTests.xctest */ = {isa = PBXFileReference; explicitFileType = wrapper.cfbundle; includeInIndex = 0; path = OhJooYeoTests.xctest; sourceTree = BUILT_PRODUCTS_DIR; };
		CAFA549B2104765300C4A808 /* OhJooYeoTests.swift */ = {isa = PBXFileReference; lastKnownFileType = sourcecode.swift; path = OhJooYeoTests.swift; sourceTree = "<group>"; };
		CAFA549D2104765300C4A808 /* Info.plist */ = {isa = PBXFileReference; lastKnownFileType = text.plist.xml; path = Info.plist; sourceTree = "<group>"; };
		CAFB287420D4D47200B72722 /* DbManager.swift */ = {isa = PBXFileReference; lastKnownFileType = sourcecode.swift; path = DbManager.swift; sourceTree = "<group>"; };
		CAFB287620D4D61600B72722 /* PhraseMessageDAO.swift */ = {isa = PBXFileReference; lastKnownFileType = sourcecode.swift; path = PhraseMessageDAO.swift; sourceTree = "<group>"; };
		CAFB287820D4E6F400B72722 /* API.swift */ = {isa = PBXFileReference; lastKnownFileType = sourcecode.swift; path = API.swift; sourceTree = "<group>"; };
		CAFB287A20D4E7CA00B72722 /* App.swift */ = {isa = PBXFileReference; lastKnownFileType = sourcecode.swift; path = App.swift; sourceTree = "<group>"; };
		CAFB287C20D4E7DE00B72722 /* GlobalState.swift */ = {isa = PBXFileReference; lastKnownFileType = sourcecode.swift; path = GlobalState.swift; sourceTree = "<group>"; };
		CAFB287F20D4EF1F00B72722 /* OhJooYeo.xcdatamodel */ = {isa = PBXFileReference; lastKnownFileType = wrapper.xcdatamodel; path = OhJooYeo.xcdatamodel; sourceTree = "<group>"; };
		CAFB288120D4F13900B72722 /* WorshipDAO.swift */ = {isa = PBXFileReference; lastKnownFileType = sourcecode.swift; path = WorshipDAO.swift; sourceTree = "<group>"; };
		DEDF49268E2C1C3E395793F3 /* Pods-OhJooYeo.debug.xcconfig */ = {isa = PBXFileReference; includeInIndex = 1; lastKnownFileType = text.xcconfig; name = "Pods-OhJooYeo.debug.xcconfig"; path = "Pods/Target Support Files/Pods-OhJooYeo/Pods-OhJooYeo.debug.xcconfig"; sourceTree = "<group>"; };
/* End PBXFileReference section */

/* Begin PBXFrameworksBuildPhase section */
		CA22837A20943F290023B3C1 /* Frameworks */ = {
			isa = PBXFrameworksBuildPhase;
			buildActionMask = 2147483647;
			files = (
				ABE5FDB09BF82363A5E976B2 /* Pods_OhJooYeo.framework in Frameworks */,
			);
			runOnlyForDeploymentPostprocessing = 0;
		};
		CAFA54962104765300C4A808 /* Frameworks */ = {
			isa = PBXFrameworksBuildPhase;
			buildActionMask = 2147483647;
			files = (
			);
			runOnlyForDeploymentPostprocessing = 0;
		};
/* End PBXFrameworksBuildPhase section */

/* Begin PBXGroup section */
		A31CA44B33F291CE4346336F /* Frameworks */ = {
			isa = PBXGroup;
			children = (
				2DC05C92859A22DAA1E8A736 /* Pods_OhJooYeo.framework */,
			);
			name = Frameworks;
			sourceTree = "<group>";
		};
		C4043A8EE63A261438825C5A /* Pods */ = {
			isa = PBXGroup;
			children = (
				DEDF49268E2C1C3E395793F3 /* Pods-OhJooYeo.debug.xcconfig */,
				BFB1C7F459FC8559E66D199F /* Pods-OhJooYeo.release.xcconfig */,
			);
			name = Pods;
			sourceTree = "<group>";
		};
		CA0AB21220C23B960028BC69 /* Model */ = {
			isa = PBXGroup;
			children = (
				CA0AB21720C23ECE0028BC69 /* Advertisement.swift */,
			);
			path = Model;
			sourceTree = "<group>";
		};
		CA0AB21320C23BA30028BC69 /* ViewController */ = {
			isa = PBXGroup;
			children = (
				CA4FA40620B926E400BE6730 /* AdvertisementViewController.swift */,
				CA0AB21520C23C190028BC69 /* AdvertisementTableViewCell.swift */,
			);
			path = ViewController;
			sourceTree = "<group>";
		};
		CA0AB21420C23BEB0028BC69 /* Util */ = {
			isa = PBXGroup;
			children = (
				CA3080CA2130FDBB00255A7E /* API */,
				CAE645E22123C17300B109B7 /* DbManager */,
				CAFB287C20D4E7DE00B72722 /* GlobalState.swift */,
				CA3080C82130FDB600255A7E /* UtilFunction.swift */,
				CA3080CB2130FE0400255A7E /* ConstantString.swift */,
				CA3080CD2130FE1600255A7E /* ExtensionNotificationName.swift */,
			);
			path = Util;
			sourceTree = "<group>";
		};
		CA22837420943F290023B3C1 = {
			isa = PBXGroup;
			children = (
				CA22837F20943F2A0023B3C1 /* OhJooYeo */,
				CAFA549A2104765300C4A808 /* OhJooYeoTests */,
				CA22837E20943F290023B3C1 /* Products */,
				C4043A8EE63A261438825C5A /* Pods */,
				A31CA44B33F291CE4346336F /* Frameworks */,
			);
			sourceTree = "<group>";
		};
		CA22837E20943F290023B3C1 /* Products */ = {
			isa = PBXGroup;
			children = (
				CA22837D20943F290023B3C1 /* OhJooYeo.app */,
				CAFA54992104765300C4A808 /* OhJooYeoTests.xctest */,
			);
			name = Products;
			sourceTree = "<group>";
		};
		CA22837F20943F2A0023B3C1 /* OhJooYeo */ = {
			isa = PBXGroup;
			children = (
				CA42ED0E213A36DE00F9BB6E /* GlobalModel */,
				CA0AB21420C23BEB0028BC69 /* Util */,
				CA4FA40A20B93FF200BE6730 /* Main */,
				CA4FA40B20B9400900BE6730 /* PhraseDetail */,
				CA4FA40C20B9401300BE6730 /* Advertisement */,
				CA4FA40D20B9401A00BE6730 /* Praise */,
				CA22838020943F2A0023B3C1 /* AppDelegate.swift */,
				CA22838420943F2B0023B3C1 /* Main.storyboard */,
				CAFB287E20D4EF1F00B72722 /* OhJooYeo.xcdatamodeld */,
				CA22838A20943F2C0023B3C1 /* Assets.xcassets */,
				CA22838C20943F2C0023B3C1 /* LaunchScreen.storyboard */,
				CA22838F20943F2C0023B3C1 /* Info.plist */,
			);
			path = OhJooYeo;
			sourceTree = "<group>";
		};
		CA3080BE2130F5FB00255A7E /* ViewModel */ = {
			isa = PBXGroup;
			children = (
			);
			path = ViewModel;
			sourceTree = "<group>";
		};
		CA3080BF2130F61200255A7E /* ViewModel */ = {
			isa = PBXGroup;
			children = (
				CA3080C42130F6EC00255A7E /* WorshipCellData.swift */,
			);
			path = ViewModel;
			sourceTree = "<group>";
		};
		CA3080C02130F62100255A7E /* ViewModel */ = {
			isa = PBXGroup;
			children = (
			);
			path = ViewModel;
			sourceTree = "<group>";
		};
		CA3080C12130F62D00255A7E /* ViewModel */ = {
			isa = PBXGroup;
			children = (
			);
			path = ViewModel;
			sourceTree = "<group>";
		};
		CA3080C22130F63500255A7E /* Model */ = {
			isa = PBXGroup;
			children = (
				CAA6B99D20F9CAFB00E802BC /* Music.swift */,
			);
			path = Model;
			sourceTree = "<group>";
		};
		CA3080C32130F63F00255A7E /* ViewController */ = {
			isa = PBXGroup;
			children = (
				CA4FA40820B9270800BE6730 /* PraiseViewController.swift */,
			);
			path = ViewController;
			sourceTree = "<group>";
		};
		CA3080C62130F73700255A7E /* TableViewCells */ = {
			isa = PBXGroup;
			children = (
				CA4FA40E20B9406300BE6730 /* OrderTableViewCell.swift */,
				CA4FA41120B940D900BE6730 /* NextPresenterTableViewCell.swift */,
			);
			path = TableViewCells;
			sourceTree = "<group>";
		};
		CA3080C72130F74C00255A7E /* View */ = {
			isa = PBXGroup;
			children = (
				CA3080C62130F73700255A7E /* TableViewCells */,
				CA4FA41020B9406700BE6730 /* ViewController */,
			);
			path = View;
			sourceTree = "<group>";
		};
		CA3080CA2130FDBB00255A7E /* API */ = {
			isa = PBXGroup;
			children = (
				CAFB287820D4E6F400B72722 /* API.swift */,
				CAFB287A20D4E7CA00B72722 /* App.swift */,
			);
			path = API;
			sourceTree = "<group>";
		};
		CA42ED0E213A36DE00F9BB6E /* GlobalModel */ = {
			isa = PBXGroup;
			children = (
				CA42ED0F213A36F400F9BB6E /* WorshipIdDate.swift */,
				CA050140214196BC00B89F3D /* WorshipIdListData.swift */,
			);
			path = GlobalModel;
			sourceTree = "<group>";
		};
		CA4FA40A20B93FF200BE6730 /* Main */ = {
			isa = PBXGroup;
			children = (
				CA4FA41320B941F600BE6730 /* Model */,
				CA3080C72130F74C00255A7E /* View */,
				CA3080BF2130F61200255A7E /* ViewModel */,
			);
			path = Main;
			sourceTree = "<group>";
		};
		CA4FA40B20B9400900BE6730 /* PhraseDetail */ = {
			isa = PBXGroup;
			children = (
				CA7A428E20BAE6C00097D99E /* Model */,
				CA3080BE2130F5FB00255A7E /* ViewModel */,
				CA7A428F20BAE6F00097D99E /* ViewController */,
			);
			path = PhraseDetail;
			sourceTree = "<group>";
		};
		CA4FA40C20B9401300BE6730 /* Advertisement */ = {
			isa = PBXGroup;
			children = (
				CA0AB21220C23B960028BC69 /* Model */,
				CA3080C02130F62100255A7E /* ViewModel */,
				CA0AB21320C23BA30028BC69 /* ViewController */,
			);
			path = Advertisement;
			sourceTree = "<group>";
		};
		CA4FA40D20B9401A00BE6730 /* Praise */ = {
			isa = PBXGroup;
			children = (
				CA3080C22130F63500255A7E /* Model */,
				CA3080C12130F62D00255A7E /* ViewModel */,
				CA3080C32130F63F00255A7E /* ViewController */,
			);
			path = Praise;
			sourceTree = "<group>";
		};
		CA4FA41020B9406700BE6730 /* ViewController */ = {
			isa = PBXGroup;
			children = (
				CA22838220943F2A0023B3C1 /* MainViewController.swift */,
			);
			path = ViewController;
			sourceTree = "<group>";
		};
		CA4FA41320B941F600BE6730 /* Model */ = {
			isa = PBXGroup;
			children = (
				CA7A426920B94C080097D99E /* Worship.swift */,
				CAFB288120D4F13900B72722 /* WorshipDAO.swift */,
				CA4FA41420B9420400BE6730 /* WorshipOrder.swift */,
				CAE645E52123C45F00B109B7 /* WorshipOrderDAO.swift */,
			);
			path = Model;
			sourceTree = "<group>";
		};
		CA7A428E20BAE6C00097D99E /* Model */ = {
			isa = PBXGroup;
			children = (
				CA70536320BAEDBC00815D37 /* PhraseMessage.swift */,
				CAFB287620D4D61600B72722 /* PhraseMessageDAO.swift */,
			);
			path = Model;
			sourceTree = "<group>";
		};
		CA7A428F20BAE6F00097D99E /* ViewController */ = {
			isa = PBXGroup;
			children = (
				CA4FA40320B926C600BE6730 /* PhraseDetailViewController.swift */,
				CA70536120BAECAF00815D37 /* PhraseDetailTableViewCell.swift */,
			);
			path = ViewController;
			sourceTree = "<group>";
		};
		CAE645E22123C17300B109B7 /* DbManager */ = {
			isa = PBXGroup;
			children = (
				CAFB287420D4D47200B72722 /* DbManager.swift */,
				CAE645E32123C19700B109B7 /* DbEntityNameConstant.swift */,
			);
			path = DbManager;
			sourceTree = "<group>";
		};
		CAFA549A2104765300C4A808 /* OhJooYeoTests */ = {
			isa = PBXGroup;
			children = (
				CAFA549B2104765300C4A808 /* OhJooYeoTests.swift */,
				CAFA549D2104765300C4A808 /* Info.plist */,
			);
			path = OhJooYeoTests;
			sourceTree = "<group>";
		};
/* End PBXGroup section */

/* Begin PBXNativeTarget section */
		CA22837C20943F290023B3C1 /* OhJooYeo */ = {
			isa = PBXNativeTarget;
			buildConfigurationList = CA22839220943F2C0023B3C1 /* Build configuration list for PBXNativeTarget "OhJooYeo" */;
			buildPhases = (
				3979A5010221C689F465D8B1 /* [CP] Check Pods Manifest.lock */,
				CA22837920943F290023B3C1 /* Sources */,
				CA22837A20943F290023B3C1 /* Frameworks */,
				CA22837B20943F290023B3C1 /* Resources */,
				B097F114CD435FBE8B1669A7 /* [CP] Embed Pods Frameworks */,
			);
			buildRules = (
			);
			dependencies = (
			);
			name = OhJooYeo;
			productName = OhJooYeo;
			productReference = CA22837D20943F290023B3C1 /* OhJooYeo.app */;
			productType = "com.apple.product-type.application";
		};
		CAFA54982104765300C4A808 /* OhJooYeoTests */ = {
			isa = PBXNativeTarget;
			buildConfigurationList = CAFA54A22104765300C4A808 /* Build configuration list for PBXNativeTarget "OhJooYeoTests" */;
			buildPhases = (
				CAFA54952104765300C4A808 /* Sources */,
				CAFA54962104765300C4A808 /* Frameworks */,
				CAFA54972104765300C4A808 /* Resources */,
			);
			buildRules = (
			);
			dependencies = (
				CAFA549F2104765300C4A808 /* PBXTargetDependency */,
			);
			name = OhJooYeoTests;
			productName = OhJooYeoTests;
			productReference = CAFA54992104765300C4A808 /* OhJooYeoTests.xctest */;
			productType = "com.apple.product-type.bundle.unit-test";
		};
/* End PBXNativeTarget section */

/* Begin PBXProject section */
		CA22837520943F290023B3C1 /* Project object */ = {
			isa = PBXProject;
			attributes = {
				LastSwiftUpdateCheck = 0940;
				LastUpgradeCheck = 0920;
				ORGANIZATIONNAME = devming;
				TargetAttributes = {
					CA22837C20943F290023B3C1 = {
						CreatedOnToolsVersion = 9.2;
						ProvisioningStyle = Automatic;
					};
					CAFA54982104765300C4A808 = {
						CreatedOnToolsVersion = 9.4.1;
						ProvisioningStyle = Automatic;
						TestTargetID = CA22837C20943F290023B3C1;
					};
				};
			};
			buildConfigurationList = CA22837820943F290023B3C1 /* Build configuration list for PBXProject "OhJooYeo" */;
			compatibilityVersion = "Xcode 8.0";
			developmentRegion = en;
			hasScannedForEncodings = 0;
			knownRegions = (
				en,
				Base,
			);
			mainGroup = CA22837420943F290023B3C1;
			productRefGroup = CA22837E20943F290023B3C1 /* Products */;
			projectDirPath = "";
			projectRoot = "";
			targets = (
				CA22837C20943F290023B3C1 /* OhJooYeo */,
				CAFA54982104765300C4A808 /* OhJooYeoTests */,
			);
		};
/* End PBXProject section */

/* Begin PBXResourcesBuildPhase section */
		CA22837B20943F290023B3C1 /* Resources */ = {
			isa = PBXResourcesBuildPhase;
			buildActionMask = 2147483647;
			files = (
				CA22838E20943F2C0023B3C1 /* LaunchScreen.storyboard in Resources */,
				CA22838B20943F2C0023B3C1 /* Assets.xcassets in Resources */,
				CA22838620943F2B0023B3C1 /* Main.storyboard in Resources */,
			);
			runOnlyForDeploymentPostprocessing = 0;
		};
		CAFA54972104765300C4A808 /* Resources */ = {
			isa = PBXResourcesBuildPhase;
			buildActionMask = 2147483647;
			files = (
			);
			runOnlyForDeploymentPostprocessing = 0;
		};
/* End PBXResourcesBuildPhase section */

/* Begin PBXShellScriptBuildPhase section */
		3979A5010221C689F465D8B1 /* [CP] Check Pods Manifest.lock */ = {
			isa = PBXShellScriptBuildPhase;
			buildActionMask = 2147483647;
			files = (
			);
			inputPaths = (
				"${PODS_PODFILE_DIR_PATH}/Podfile.lock",
				"${PODS_ROOT}/Manifest.lock",
			);
			name = "[CP] Check Pods Manifest.lock";
			outputPaths = (
				"$(DERIVED_FILE_DIR)/Pods-OhJooYeo-checkManifestLockResult.txt",
			);
			runOnlyForDeploymentPostprocessing = 0;
			shellPath = /bin/sh;
			shellScript = "diff \"${PODS_PODFILE_DIR_PATH}/Podfile.lock\" \"${PODS_ROOT}/Manifest.lock\" > /dev/null\nif [ $? != 0 ] ; then\n    # print error to STDERR\n    echo \"error: The sandbox is not in sync with the Podfile.lock. Run 'pod install' or update your CocoaPods installation.\" >&2\n    exit 1\nfi\n# This output is used by Xcode 'outputs' to avoid re-running this script phase.\necho \"SUCCESS\" > \"${SCRIPT_OUTPUT_FILE_0}\"\n";
			showEnvVarsInLog = 0;
		};
		B097F114CD435FBE8B1669A7 /* [CP] Embed Pods Frameworks */ = {
			isa = PBXShellScriptBuildPhase;
			buildActionMask = 2147483647;
			files = (
			);
			inputPaths = (
				"${SRCROOT}/Pods/Target Support Files/Pods-OhJooYeo/Pods-OhJooYeo-frameworks.sh",
				"${BUILT_PRODUCTS_DIR}/Alamofire/Alamofire.framework",
				"${BUILT_PRODUCTS_DIR}/Alamofire-SwiftyJSON/Alamofire_SwiftyJSON.framework",
				"${BUILT_PRODUCTS_DIR}/SwiftyJSON/SwiftyJSON.framework",
			);
			name = "[CP] Embed Pods Frameworks";
			outputPaths = (
				"${TARGET_BUILD_DIR}/${FRAMEWORKS_FOLDER_PATH}/Alamofire.framework",
				"${TARGET_BUILD_DIR}/${FRAMEWORKS_FOLDER_PATH}/Alamofire_SwiftyJSON.framework",
				"${TARGET_BUILD_DIR}/${FRAMEWORKS_FOLDER_PATH}/SwiftyJSON.framework",
			);
			runOnlyForDeploymentPostprocessing = 0;
			shellPath = /bin/sh;
			shellScript = "\"${SRCROOT}/Pods/Target Support Files/Pods-OhJooYeo/Pods-OhJooYeo-frameworks.sh\"\n";
			showEnvVarsInLog = 0;
		};
/* End PBXShellScriptBuildPhase section */

/* Begin PBXSourcesBuildPhase section */
		CA22837920943F290023B3C1 /* Sources */ = {
			isa = PBXSourcesBuildPhase;
			buildActionMask = 2147483647;
			files = (
				CAFB287520D4D47200B72722 /* DbManager.swift in Sources */,
				CA0AB21620C23C190028BC69 /* AdvertisementTableViewCell.swift in Sources */,
				CAFB287D20D4E7DE00B72722 /* GlobalState.swift in Sources */,
				CA4FA40920B9270800BE6730 /* PraiseViewController.swift in Sources */,
				CA4FA40420B926C600BE6730 /* PhraseDetailViewController.swift in Sources */,
				CA3080CC2130FE0400255A7E /* ConstantString.swift in Sources */,
				CAFB287720D4D61600B72722 /* PhraseMessageDAO.swift in Sources */,
				CAA6B99E20F9CAFB00E802BC /* Music.swift in Sources */,
				CAFB288220D4F13A00B72722 /* WorshipDAO.swift in Sources */,
				CA4FA41220B940D900BE6730 /* NextPresenterTableViewCell.swift in Sources */,
				CA4FA41520B9420400BE6730 /* WorshipOrder.swift in Sources */,
				CA4FA40F20B9406300BE6730 /* OrderTableViewCell.swift in Sources */,
				CAFB288020D4EF1F00B72722 /* OhJooYeo.xcdatamodeld in Sources */,
				CA050141214196BC00B89F3D /* WorshipIdListData.swift in Sources */,
				CAFB287B20D4E7CA00B72722 /* App.swift in Sources */,
				CA3080CE2130FE1600255A7E /* ExtensionNotificationName.swift in Sources */,
				CA0AB21820C23ECE0028BC69 /* Advertisement.swift in Sources */,
				CA3080C92130FDB600255A7E /* UtilFunction.swift in Sources */,
				CA70536420BAEDBC00815D37 /* PhraseMessage.swift in Sources */,
				CA70536220BAECAF00815D37 /* PhraseDetailTableViewCell.swift in Sources */,
				CA3080C52130F6EC00255A7E /* WorshipCellData.swift in Sources */,
				CAE645E62123C45F00B109B7 /* WorshipOrderDAO.swift in Sources */,
				CA22838320943F2A0023B3C1 /* MainViewController.swift in Sources */,
				CA22838120943F2A0023B3C1 /* AppDelegate.swift in Sources */,
				CA4FA40720B926E400BE6730 /* AdvertisementViewController.swift in Sources */,
				CAE645E42123C19700B109B7 /* DbEntityNameConstant.swift in Sources */,
				CAFB287920D4E6F400B72722 /* API.swift in Sources */,
				CA7A426A20B94C080097D99E /* Worship.swift in Sources */,
				CA42ED10213A36F400F9BB6E /* WorshipIdDate.swift in Sources */,
			);
			runOnlyForDeploymentPostprocessing = 0;
		};
		CAFA54952104765300C4A808 /* Sources */ = {
			isa = PBXSourcesBuildPhase;
			buildActionMask = 2147483647;
			files = (
				CAFA549C2104765300C4A808 /* OhJooYeoTests.swift in Sources */,
			);
			runOnlyForDeploymentPostprocessing = 0;
		};
/* End PBXSourcesBuildPhase section */

/* Begin PBXTargetDependency section */
		CAFA549F2104765300C4A808 /* PBXTargetDependency */ = {
			isa = PBXTargetDependency;
			target = CA22837C20943F290023B3C1 /* OhJooYeo */;
			targetProxy = CAFA549E2104765300C4A808 /* PBXContainerItemProxy */;
		};
/* End PBXTargetDependency section */

/* Begin PBXVariantGroup section */
		CA22838420943F2B0023B3C1 /* Main.storyboard */ = {
			isa = PBXVariantGroup;
			children = (
				CA22838520943F2B0023B3C1 /* Base */,
			);
			name = Main.storyboard;
			sourceTree = "<group>";
		};
		CA22838C20943F2C0023B3C1 /* LaunchScreen.storyboard */ = {
			isa = PBXVariantGroup;
			children = (
				CA22838D20943F2C0023B3C1 /* Base */,
			);
			name = LaunchScreen.storyboard;
			sourceTree = "<group>";
		};
/* End PBXVariantGroup section */

/* Begin XCBuildConfiguration section */
		CA22839020943F2C0023B3C1 /* Debug */ = {
			isa = XCBuildConfiguration;
			buildSettings = {
				ALWAYS_SEARCH_USER_PATHS = NO;
				CLANG_ANALYZER_NONNULL = YES;
				CLANG_ANALYZER_NUMBER_OBJECT_CONVERSION = YES_AGGRESSIVE;
				CLANG_CXX_LANGUAGE_STANDARD = "gnu++14";
				CLANG_CXX_LIBRARY = "libc++";
				CLANG_ENABLE_MODULES = YES;
				CLANG_ENABLE_OBJC_ARC = YES;
				CLANG_WARN_BLOCK_CAPTURE_AUTORELEASING = YES;
				CLANG_WARN_BOOL_CONVERSION = YES;
				CLANG_WARN_COMMA = YES;
				CLANG_WARN_CONSTANT_CONVERSION = YES;
				CLANG_WARN_DIRECT_OBJC_ISA_USAGE = YES_ERROR;
				CLANG_WARN_DOCUMENTATION_COMMENTS = YES;
				CLANG_WARN_EMPTY_BODY = YES;
				CLANG_WARN_ENUM_CONVERSION = YES;
				CLANG_WARN_INFINITE_RECURSION = YES;
				CLANG_WARN_INT_CONVERSION = YES;
				CLANG_WARN_NON_LITERAL_NULL_CONVERSION = YES;
				CLANG_WARN_OBJC_LITERAL_CONVERSION = YES;
				CLANG_WARN_OBJC_ROOT_CLASS = YES_ERROR;
				CLANG_WARN_RANGE_LOOP_ANALYSIS = YES;
				CLANG_WARN_STRICT_PROTOTYPES = YES;
				CLANG_WARN_SUSPICIOUS_MOVE = YES;
				CLANG_WARN_UNGUARDED_AVAILABILITY = YES_AGGRESSIVE;
				CLANG_WARN_UNREACHABLE_CODE = YES;
				CLANG_WARN__DUPLICATE_METHOD_MATCH = YES;
				CODE_SIGN_IDENTITY = "iPhone Developer";
				COPY_PHASE_STRIP = NO;
				DEBUG_INFORMATION_FORMAT = dwarf;
				ENABLE_STRICT_OBJC_MSGSEND = YES;
				ENABLE_TESTABILITY = YES;
				GCC_C_LANGUAGE_STANDARD = gnu11;
				GCC_DYNAMIC_NO_PIC = NO;
				GCC_NO_COMMON_BLOCKS = YES;
				GCC_OPTIMIZATION_LEVEL = 0;
				GCC_PREPROCESSOR_DEFINITIONS = (
					"DEBUG=1",
					"$(inherited)",
				);
				GCC_WARN_64_TO_32_BIT_CONVERSION = YES;
				GCC_WARN_ABOUT_RETURN_TYPE = YES_ERROR;
				GCC_WARN_UNDECLARED_SELECTOR = YES;
				GCC_WARN_UNINITIALIZED_AUTOS = YES_AGGRESSIVE;
				GCC_WARN_UNUSED_FUNCTION = YES;
				GCC_WARN_UNUSED_VARIABLE = YES;
				IPHONEOS_DEPLOYMENT_TARGET = 11.2;
				MTL_ENABLE_DEBUG_INFO = YES;
				ONLY_ACTIVE_ARCH = YES;
				SDKROOT = iphoneos;
				SWIFT_ACTIVE_COMPILATION_CONDITIONS = DEBUG;
				SWIFT_OPTIMIZATION_LEVEL = "-Onone";
			};
			name = Debug;
		};
		CA22839120943F2C0023B3C1 /* Release */ = {
			isa = XCBuildConfiguration;
			buildSettings = {
				ALWAYS_SEARCH_USER_PATHS = NO;
				CLANG_ANALYZER_NONNULL = YES;
				CLANG_ANALYZER_NUMBER_OBJECT_CONVERSION = YES_AGGRESSIVE;
				CLANG_CXX_LANGUAGE_STANDARD = "gnu++14";
				CLANG_CXX_LIBRARY = "libc++";
				CLANG_ENABLE_MODULES = YES;
				CLANG_ENABLE_OBJC_ARC = YES;
				CLANG_WARN_BLOCK_CAPTURE_AUTORELEASING = YES;
				CLANG_WARN_BOOL_CONVERSION = YES;
				CLANG_WARN_COMMA = YES;
				CLANG_WARN_CONSTANT_CONVERSION = YES;
				CLANG_WARN_DIRECT_OBJC_ISA_USAGE = YES_ERROR;
				CLANG_WARN_DOCUMENTATION_COMMENTS = YES;
				CLANG_WARN_EMPTY_BODY = YES;
				CLANG_WARN_ENUM_CONVERSION = YES;
				CLANG_WARN_INFINITE_RECURSION = YES;
				CLANG_WARN_INT_CONVERSION = YES;
				CLANG_WARN_NON_LITERAL_NULL_CONVERSION = YES;
				CLANG_WARN_OBJC_LITERAL_CONVERSION = YES;
				CLANG_WARN_OBJC_ROOT_CLASS = YES_ERROR;
				CLANG_WARN_RANGE_LOOP_ANALYSIS = YES;
				CLANG_WARN_STRICT_PROTOTYPES = YES;
				CLANG_WARN_SUSPICIOUS_MOVE = YES;
				CLANG_WARN_UNGUARDED_AVAILABILITY = YES_AGGRESSIVE;
				CLANG_WARN_UNREACHABLE_CODE = YES;
				CLANG_WARN__DUPLICATE_METHOD_MATCH = YES;
				CODE_SIGN_IDENTITY = "iPhone Developer";
				COPY_PHASE_STRIP = NO;
				DEBUG_INFORMATION_FORMAT = "dwarf-with-dsym";
				ENABLE_NS_ASSERTIONS = NO;
				ENABLE_STRICT_OBJC_MSGSEND = YES;
				GCC_C_LANGUAGE_STANDARD = gnu11;
				GCC_NO_COMMON_BLOCKS = YES;
				GCC_WARN_64_TO_32_BIT_CONVERSION = YES;
				GCC_WARN_ABOUT_RETURN_TYPE = YES_ERROR;
				GCC_WARN_UNDECLARED_SELECTOR = YES;
				GCC_WARN_UNINITIALIZED_AUTOS = YES_AGGRESSIVE;
				GCC_WARN_UNUSED_FUNCTION = YES;
				GCC_WARN_UNUSED_VARIABLE = YES;
				IPHONEOS_DEPLOYMENT_TARGET = 11.2;
				MTL_ENABLE_DEBUG_INFO = NO;
				SDKROOT = iphoneos;
				SWIFT_OPTIMIZATION_LEVEL = "-Owholemodule";
				VALIDATE_PRODUCT = YES;
			};
			name = Release;
		};
		CA22839320943F2C0023B3C1 /* Debug */ = {
			isa = XCBuildConfiguration;
			baseConfigurationReference = DEDF49268E2C1C3E395793F3 /* Pods-OhJooYeo.debug.xcconfig */;
			buildSettings = {
				ASSETCATALOG_COMPILER_APPICON_NAME = AppIcon;
				CODE_SIGN_STYLE = Automatic;
				DEVELOPMENT_TEAM = HGQ9YZ4HTR;
				INFOPLIST_FILE = OhJooYeo/Info.plist;
				IPHONEOS_DEPLOYMENT_TARGET = 10.1;
				LD_RUNPATH_SEARCH_PATHS = "$(inherited) @executable_path/Frameworks";
				PRODUCT_BUNDLE_IDENTIFIER = com.devming.OhJooYeo;
				PRODUCT_NAME = "$(TARGET_NAME)";
				SWIFT_VERSION = 4.0;
				TARGETED_DEVICE_FAMILY = "1,2";
			};
			name = Debug;
		};
		CA22839420943F2C0023B3C1 /* Release */ = {
			isa = XCBuildConfiguration;
			baseConfigurationReference = BFB1C7F459FC8559E66D199F /* Pods-OhJooYeo.release.xcconfig */;
			buildSettings = {
				ASSETCATALOG_COMPILER_APPICON_NAME = AppIcon;
				CODE_SIGN_STYLE = Automatic;
				DEVELOPMENT_TEAM = HGQ9YZ4HTR;
				INFOPLIST_FILE = OhJooYeo/Info.plist;
				IPHONEOS_DEPLOYMENT_TARGET = 10.1;
				LD_RUNPATH_SEARCH_PATHS = "$(inherited) @executable_path/Frameworks";
				PRODUCT_BUNDLE_IDENTIFIER = com.devming.OhJooYeo;
				PRODUCT_NAME = "$(TARGET_NAME)";
				SWIFT_VERSION = 4.0;
				TARGETED_DEVICE_FAMILY = "1,2";
			};
			name = Release;
		};
		CAFA54A02104765300C4A808 /* Debug */ = {
			isa = XCBuildConfiguration;
			buildSettings = {
				BUNDLE_LOADER = "$(TEST_HOST)";
				CLANG_ENABLE_OBJC_WEAK = YES;
				CLANG_WARN_DEPRECATED_OBJC_IMPLEMENTATIONS = YES;
				CLANG_WARN_OBJC_IMPLICIT_RETAIN_SELF = YES;
				CODE_SIGN_STYLE = Automatic;
				DEVELOPMENT_TEAM = HGQ9YZ4HTR;
				INFOPLIST_FILE = OhJooYeoTests/Info.plist;
				IPHONEOS_DEPLOYMENT_TARGET = 11.4;
				LD_RUNPATH_SEARCH_PATHS = "$(inherited) @executable_path/Frameworks @loader_path/Frameworks";
				PRODUCT_BUNDLE_IDENTIFIER = com.devming.OhJooYeoTests;
				PRODUCT_NAME = "$(TARGET_NAME)";
				SWIFT_VERSION = 4.0;
				TARGETED_DEVICE_FAMILY = "1,2";
				TEST_HOST = "$(BUILT_PRODUCTS_DIR)/OhJooYeo.app/OhJooYeo";
			};
			name = Debug;
		};
		CAFA54A12104765300C4A808 /* Release */ = {
			isa = XCBuildConfiguration;
			buildSettings = {
				BUNDLE_LOADER = "$(TEST_HOST)";
				CLANG_ENABLE_OBJC_WEAK = YES;
				CLANG_WARN_DEPRECATED_OBJC_IMPLEMENTATIONS = YES;
				CLANG_WARN_OBJC_IMPLICIT_RETAIN_SELF = YES;
				CODE_SIGN_STYLE = Automatic;
				DEVELOPMENT_TEAM = HGQ9YZ4HTR;
				INFOPLIST_FILE = OhJooYeoTests/Info.plist;
				IPHONEOS_DEPLOYMENT_TARGET = 11.4;
				LD_RUNPATH_SEARCH_PATHS = "$(inherited) @executable_path/Frameworks @loader_path/Frameworks";
				PRODUCT_BUNDLE_IDENTIFIER = com.devming.OhJooYeoTests;
				PRODUCT_NAME = "$(TARGET_NAME)";
				SWIFT_VERSION = 4.0;
				TARGETED_DEVICE_FAMILY = "1,2";
				TEST_HOST = "$(BUILT_PRODUCTS_DIR)/OhJooYeo.app/OhJooYeo";
			};
			name = Release;
		};
/* End XCBuildConfiguration section */

/* Begin XCConfigurationList section */
		CA22837820943F290023B3C1 /* Build configuration list for PBXProject "OhJooYeo" */ = {
			isa = XCConfigurationList;
			buildConfigurations = (
				CA22839020943F2C0023B3C1 /* Debug */,
				CA22839120943F2C0023B3C1 /* Release */,
			);
			defaultConfigurationIsVisible = 0;
			defaultConfigurationName = Release;
		};
		CA22839220943F2C0023B3C1 /* Build configuration list for PBXNativeTarget "OhJooYeo" */ = {
			isa = XCConfigurationList;
			buildConfigurations = (
				CA22839320943F2C0023B3C1 /* Debug */,
				CA22839420943F2C0023B3C1 /* Release */,
			);
			defaultConfigurationIsVisible = 0;
			defaultConfigurationName = Release;
		};
		CAFA54A22104765300C4A808 /* Build configuration list for PBXNativeTarget "OhJooYeoTests" */ = {
			isa = XCConfigurationList;
			buildConfigurations = (
				CAFA54A02104765300C4A808 /* Debug */,
				CAFA54A12104765300C4A808 /* Release */,
			);
			defaultConfigurationIsVisible = 0;
			defaultConfigurationName = Release;
		};
/* End XCConfigurationList section */

/* Begin XCVersionGroup section */
		CAFB287E20D4EF1F00B72722 /* OhJooYeo.xcdatamodeld */ = {
			isa = XCVersionGroup;
			children = (
				CAFB287F20D4EF1F00B72722 /* OhJooYeo.xcdatamodel */,
			);
			currentVersion = CAFB287F20D4EF1F00B72722 /* OhJooYeo.xcdatamodel */;
			path = OhJooYeo.xcdatamodeld;
			sourceTree = "<group>";
			versionGroupType = wrapper.xcdatamodel;
		};
/* End XCVersionGroup section */
	};
	rootObject = CA22837520943F290023B3C1 /* Project object */;
}
