// !$*UTF8*$!
{
	archiveVersion = 1;
	classes = {
	};
	objectVersion = 48;
	objects = {

/* Begin PBXBuildFile section */
		6631508FC50701815B50903F /* Pods_OhJooYeoTests.framework in Frameworks */ = {isa = PBXBuildFile; fileRef = F9BAB264DBB516523741259C /* Pods_OhJooYeoTests.framework */; };
		CA050141214196BC00B89F3D /* WorshipIDListDataViewModel.swift in Sources */ = {isa = PBXBuildFile; fileRef = CA050140214196BC00B89F3D /* WorshipIDListDataViewModel.swift */; };
		CA0AB21620C23C190028BC69 /* AdvertisementTableViewCell.swift in Sources */ = {isa = PBXBuildFile; fileRef = CA0AB21520C23C190028BC69 /* AdvertisementTableViewCell.swift */; };
		CA0AB21820C23ECE0028BC69 /* Advertisement.swift in Sources */ = {isa = PBXBuildFile; fileRef = CA0AB21720C23ECE0028BC69 /* Advertisement.swift */; };
		CA22838120943F2A0023B3C1 /* AppDelegate.swift in Sources */ = {isa = PBXBuildFile; fileRef = CA22838020943F2A0023B3C1 /* AppDelegate.swift */; };
		CA22838320943F2A0023B3C1 /* MainViewController.swift in Sources */ = {isa = PBXBuildFile; fileRef = CA22838220943F2A0023B3C1 /* MainViewController.swift */; };
		CA22838620943F2B0023B3C1 /* Main.storyboard in Resources */ = {isa = PBXBuildFile; fileRef = CA22838420943F2B0023B3C1 /* Main.storyboard */; };
		CA22838E20943F2C0023B3C1 /* LaunchScreen.storyboard in Resources */ = {isa = PBXBuildFile; fileRef = CA22838C20943F2C0023B3C1 /* LaunchScreen.storyboard */; };
		CA2DED8E21CD2769009671FE /* NextPresenter.swift in Sources */ = {isa = PBXBuildFile; fileRef = CA2DED8D21CD2769009671FE /* NextPresenter.swift */; };
		CA3080C52130F6EC00255A7E /* WorshipMainInfoViewModel.swift in Sources */ = {isa = PBXBuildFile; fileRef = CA3080C42130F6EC00255A7E /* WorshipMainInfoViewModel.swift */; };
		CA3080C92130FDB600255A7E /* UtilFunction.swift in Sources */ = {isa = PBXBuildFile; fileRef = CA3080C82130FDB600255A7E /* UtilFunction.swift */; };
		CA3080CC2130FE0400255A7E /* ConstantString.swift in Sources */ = {isa = PBXBuildFile; fileRef = CA3080CB2130FE0400255A7E /* ConstantString.swift */; };
		CA3080CE2130FE1600255A7E /* NotificationNameExtension.swift in Sources */ = {isa = PBXBuildFile; fileRef = CA3080CD2130FE1600255A7E /* NotificationNameExtension.swift */; };
		CA42ED10213A36F400F9BB6E /* WorshipIdDate.swift in Sources */ = {isa = PBXBuildFile; fileRef = CA42ED0F213A36F400F9BB6E /* WorshipIdDate.swift */; };
		CA4C68A3235205D70057BEC3 /* BaseRequest.swift in Sources */ = {isa = PBXBuildFile; fileRef = CA4C68A2235205D70057BEC3 /* BaseRequest.swift */; };
		CA4C68A5235208F00057BEC3 /* AdvertisementRequest.swift in Sources */ = {isa = PBXBuildFile; fileRef = CA4C68A4235208F00057BEC3 /* AdvertisementRequest.swift */; };
		CA4C68A72352114E0057BEC3 /* WorshipInfoRequest.swift in Sources */ = {isa = PBXBuildFile; fileRef = CA4C68A62352114E0057BEC3 /* WorshipInfoRequest.swift */; };
		CA4FA40420B926C600BE6730 /* PhraseDetailViewController.swift in Sources */ = {isa = PBXBuildFile; fileRef = CA4FA40320B926C600BE6730 /* PhraseDetailViewController.swift */; };
		CA4FA40720B926E400BE6730 /* AdvertisementViewController.swift in Sources */ = {isa = PBXBuildFile; fileRef = CA4FA40620B926E400BE6730 /* AdvertisementViewController.swift */; };
		CA4FA40920B9270800BE6730 /* MusicViewController.swift in Sources */ = {isa = PBXBuildFile; fileRef = CA4FA40820B9270800BE6730 /* MusicViewController.swift */; };
		CA4FA40F20B9406300BE6730 /* OrderTableViewCell.swift in Sources */ = {isa = PBXBuildFile; fileRef = CA4FA40E20B9406300BE6730 /* OrderTableViewCell.swift */; };
		CA4FA41220B940D900BE6730 /* NextPresenterTableViewCell.swift in Sources */ = {isa = PBXBuildFile; fileRef = CA4FA41120B940D900BE6730 /* NextPresenterTableViewCell.swift */; };
		CA4FA41520B9420400BE6730 /* WorshipOrder.swift in Sources */ = {isa = PBXBuildFile; fileRef = CA4FA41420B9420400BE6730 /* WorshipOrder.swift */; };
		CA6822632205AF710001126B /* MoreTableViewCell.swift in Sources */ = {isa = PBXBuildFile; fileRef = CA6822622205AF710001126B /* MoreTableViewCell.swift */; };
		CA6822672205AFA50001126B /* MoreViewController.swift in Sources */ = {isa = PBXBuildFile; fileRef = CA6822662205AFA50001126B /* MoreViewController.swift */; };
		CA6E9716220C69DA00DFE0AE /* LocationViewController.swift in Sources */ = {isa = PBXBuildFile; fileRef = CA6E9715220C69DA00DFE0AE /* LocationViewController.swift */; };
		CA70536220BAECAF00815D37 /* PhraseDetailTableViewCell.swift in Sources */ = {isa = PBXBuildFile; fileRef = CA70536120BAECAF00815D37 /* PhraseDetailTableViewCell.swift */; };
		CA70536420BAEDBC00815D37 /* PhraseMessage.swift in Sources */ = {isa = PBXBuildFile; fileRef = CA70536320BAEDBC00815D37 /* PhraseMessage.swift */; };
		CA7A426A20B94C080097D99E /* WorshipMainInfo.swift in Sources */ = {isa = PBXBuildFile; fileRef = CA7A426920B94C080097D99E /* WorshipMainInfo.swift */; };
		CA7D2B2D2353485B00640B13 /* FirstSectionHeader.xib in Resources */ = {isa = PBXBuildFile; fileRef = CA7D2B2C2353485B00640B13 /* FirstSectionHeader.xib */; };
		CA7D2B2F2353486600640B13 /* NextPresenterSectionHeader.xib in Resources */ = {isa = PBXBuildFile; fileRef = CA7D2B2E2353486600640B13 /* NextPresenterSectionHeader.xib */; };
		CA7D2B3123534D2600640B13 /* FirstSectionHeader.swift in Sources */ = {isa = PBXBuildFile; fileRef = CA7D2B3023534D2600640B13 /* FirstSectionHeader.swift */; };
		CA7D2B3323534D3000640B13 /* NextPresenterSectionHeader.swift in Sources */ = {isa = PBXBuildFile; fileRef = CA7D2B3223534D3000640B13 /* NextPresenterSectionHeader.swift */; };
		CA7D2B3623535C8C00640B13 /* PhraseMessageViewModel.swift in Sources */ = {isa = PBXBuildFile; fileRef = CA7D2B3523535C8C00640B13 /* PhraseMessageViewModel.swift */; };
		CA7D2B3823535D2D00640B13 /* PhraseMessageRequest.swift in Sources */ = {isa = PBXBuildFile; fileRef = CA7D2B3723535D2D00640B13 /* PhraseMessageRequest.swift */; };
		CA8330C822C8C4DC00462412 /* LocationView.storyboard in Resources */ = {isa = PBXBuildFile; fileRef = CA8330C722C8C4DC00462412 /* LocationView.storyboard */; };
		CA83972522F32B1B00248A8C /* ChuchInfoViewController.swift in Sources */ = {isa = PBXBuildFile; fileRef = CA83972122F32B1B00248A8C /* ChuchInfoViewController.swift */; };
		CA83972622F32B1B00248A8C /* ChurchInfo.storyboard in Resources */ = {isa = PBXBuildFile; fileRef = CA83972322F32B1B00248A8C /* ChurchInfo.storyboard */; };
		CA83972822F32C5900248A8C /* Assets.xcassets in Resources */ = {isa = PBXBuildFile; fileRef = CA83972722F32C5900248A8C /* Assets.xcassets */; };
		CA83A16022B2923F00B2F549 /* Notice.swift in Sources */ = {isa = PBXBuildFile; fileRef = CA83A15F22B2923F00B2F549 /* Notice.swift */; };
		CA84C2412309590B00526BAB /* ChurchInfoViewModel.swift in Sources */ = {isa = PBXBuildFile; fileRef = CA84C2402309590B00526BAB /* ChurchInfoViewModel.swift */; };
		CA84C24323095E1600526BAB /* AppInfo.swift in Sources */ = {isa = PBXBuildFile; fileRef = CA84C24223095E1600526BAB /* AppInfo.swift */; };
		CA84C2452309662900526BAB /* NoDataErrorView.swift in Sources */ = {isa = PBXBuildFile; fileRef = CA84C2442309662900526BAB /* NoDataErrorView.swift */; };
		CA84C2472309663400526BAB /* NetworkErrorView.swift in Sources */ = {isa = PBXBuildFile; fileRef = CA84C2462309663400526BAB /* NetworkErrorView.swift */; };
		CA85B08122C74CB100431E74 /* BackgroundView.swift in Sources */ = {isa = PBXBuildFile; fileRef = CA85B08022C74CB100431E74 /* BackgroundView.swift */; };
		CA888F7D227AFDAF001B6E87 /* LoginViewController.swift in Sources */ = {isa = PBXBuildFile; fileRef = CA888F7C227AFDAF001B6E87 /* LoginViewController.swift */; };
		CA888F80227AFFBA001B6E87 /* OJYUITextField.swift in Sources */ = {isa = PBXBuildFile; fileRef = CA888F7F227AFFBA001B6E87 /* OJYUITextField.swift */; };
		CA8AED7822A256A900DF6144 /* [Post]SignIn.swift in Sources */ = {isa = PBXBuildFile; fileRef = CA8AED7722A256A900DF6144 /* [Post]SignIn.swift */; };
		CA8AED7A22A2689B00DF6144 /* SignIn.storyboard in Resources */ = {isa = PBXBuildFile; fileRef = CA8AED7922A2689B00DF6144 /* SignIn.storyboard */; };
		CA8BB6FE228FDB5D00E6FFD5 /* LoginViewModel.swift in Sources */ = {isa = PBXBuildFile; fileRef = CA8BB6FD228FDB5D00E6FFD5 /* LoginViewModel.swift */; };
		CA8BB700228FDC2500E6FFD5 /* OJYUIButton.swift in Sources */ = {isa = PBXBuildFile; fileRef = CA8BB6FF228FDC2500E6FFD5 /* OJYUIButton.swift */; };
		CA8BB702228FDF5000E6FFD5 /* SignUpViewController.swift in Sources */ = {isa = PBXBuildFile; fileRef = CA8BB701228FDF5000E6FFD5 /* SignUpViewController.swift */; };
		CA8BB704228FDFE300E6FFD5 /* SignUpStoryBoard.storyboard in Resources */ = {isa = PBXBuildFile; fileRef = CA8BB703228FDFE300E6FFD5 /* SignUpStoryBoard.storyboard */; };
		CA8E2EDF22E301E50027BCA1 /* GroupInfo.swift in Sources */ = {isa = PBXBuildFile; fileRef = CA8E2EDE22E301E50027BCA1 /* GroupInfo.swift */; };
		CA8E2EE322E308120027BCA1 /* GroupInfo.storyboard in Resources */ = {isa = PBXBuildFile; fileRef = CA8E2EE222E308120027BCA1 /* GroupInfo.storyboard */; };
		CA8E2EE822E30ABA0027BCA1 /* ChurchInfo.swift in Sources */ = {isa = PBXBuildFile; fileRef = CA8E2EE722E30ABA0027BCA1 /* ChurchInfo.swift */; };
		CA8E2EEE22E30AF80027BCA1 /* AppInfo.storyboard in Resources */ = {isa = PBXBuildFile; fileRef = CA8E2EED22E30AF80027BCA1 /* AppInfo.storyboard */; };
		CA91B25222F59CF300970B31 /* GroupInfoViewModel.swift in Sources */ = {isa = PBXBuildFile; fileRef = CA91B25122F59CF300970B31 /* GroupInfoViewModel.swift */; };
		CA91B25522F59D2A00970B31 /* ViewModel.swift in Sources */ = {isa = PBXBuildFile; fileRef = CA91B25422F59D2A00970B31 /* ViewModel.swift */; };
		CA91B25722F59F0A00970B31 /* [Get]GroupInfoDatas.swift in Sources */ = {isa = PBXBuildFile; fileRef = CA91B25622F59F0A00970B31 /* [Get]GroupInfoDatas.swift */; };
		CA91B25922F5CDB700970B31 /* RealmManager.swift in Sources */ = {isa = PBXBuildFile; fileRef = CA91B25822F5CDB700970B31 /* RealmManager.swift */; };
		CA91B25B22F5CDC100970B31 /* RealmHelper.swift in Sources */ = {isa = PBXBuildFile; fileRef = CA91B25A22F5CDC100970B31 /* RealmHelper.swift */; };
		CA91B25D22F5CDEB00970B31 /* BaseRealm.swift in Sources */ = {isa = PBXBuildFile; fileRef = CA91B25C22F5CDEB00970B31 /* BaseRealm.swift */; };
		CA9697E12340BC6100969B48 /* BaseTableView.swift in Sources */ = {isa = PBXBuildFile; fileRef = CA9697E02340BC6100969B48 /* BaseTableView.swift */; };
		CA9697E42340BC7700969B48 /* CardView.swift in Sources */ = {isa = PBXBuildFile; fileRef = CA9697E22340BC7700969B48 /* CardView.swift */; };
		CA9CD23E234891B700534FEB /* ColorAssets.xcassets in Resources */ = {isa = PBXBuildFile; fileRef = CA9CD23D234891B700534FEB /* ColorAssets.xcassets */; };
		CA9CD240234897A000534FEB /* UIColorEx.swift in Sources */ = {isa = PBXBuildFile; fileRef = CA9CD23F234897A000534FEB /* UIColorEx.swift */; };
		CA9CF3D422081BBF0098CFA7 /* PhraseMessageSet.swift in Sources */ = {isa = PBXBuildFile; fileRef = CA9CF3D322081BBF0098CFA7 /* PhraseMessageSet.swift */; };
		CA9FC090235C090A007C1255 /* SegueName.swift in Sources */ = {isa = PBXBuildFile; fileRef = CA9FC08F235C090A007C1255 /* SegueName.swift */; };
		CAA025AE21CD484A004DE58C /* WorshipIdListDAO.swift in Sources */ = {isa = PBXBuildFile; fileRef = CAA025AD21CD484A004DE58C /* WorshipIdListDAO.swift */; };
		CAA025B021CDCC71004DE58C /* WholeWorshipData.swift in Sources */ = {isa = PBXBuildFile; fileRef = CAA025AF21CDCC71004DE58C /* WholeWorshipData.swift */; };
		CAA3FA5E221804A8006C30F0 /* GroupInfoViewController.swift in Sources */ = {isa = PBXBuildFile; fileRef = CAA3FA5D221804A8006C30F0 /* GroupInfoViewController.swift */; };
		CAA3FA60221804B0006C30F0 /* VersionInfoViewController.swift in Sources */ = {isa = PBXBuildFile; fileRef = CAA3FA5F221804B0006C30F0 /* VersionInfoViewController.swift */; };
		CAA3FA62221804B9006C30F0 /* OpenSourceViewController.swift in Sources */ = {isa = PBXBuildFile; fileRef = CAA3FA61221804B9006C30F0 /* OpenSourceViewController.swift */; };
		CAA3FA64221804C1006C30F0 /* DonationViewController.swift in Sources */ = {isa = PBXBuildFile; fileRef = CAA3FA63221804C1006C30F0 /* DonationViewController.swift */; };
		CAA3FA66221836BF006C30F0 /* HistoryViewController.swift in Sources */ = {isa = PBXBuildFile; fileRef = CAA3FA65221836BF006C30F0 /* HistoryViewController.swift */; };
		CAA3FA6822183A47006C30F0 /* HistoryTableViewCell.swift in Sources */ = {isa = PBXBuildFile; fileRef = CAA3FA6722183A47006C30F0 /* HistoryTableViewCell.swift */; };
		CAA6B99E20F9CAFB00E802BC /* Music.swift in Sources */ = {isa = PBXBuildFile; fileRef = CAA6B99D20F9CAFB00E802BC /* Music.swift */; };
		CAA821E322E355DB00B91194 /* AppInfoViewController.swift in Sources */ = {isa = PBXBuildFile; fileRef = CAA821E222E355DB00B91194 /* AppInfoViewController.swift */; };
		CAA924E42349EF0A0037C23D /* MainTabBar.swift in Sources */ = {isa = PBXBuildFile; fileRef = CAA924E32349EF0A0037C23D /* MainTabBar.swift */; };
		CABB716B22DF626D00C2FE5B /* NoticeModelItem.swift in Sources */ = {isa = PBXBuildFile; fileRef = CABB716A22DF626D00C2FE5B /* NoticeModelItem.swift */; };
		CAD7BBC82165B77F006661AF /* AdvertisementViewModel.swift in Sources */ = {isa = PBXBuildFile; fileRef = CAD7BBC72165B77E006661AF /* AdvertisementViewModel.swift */; };
		CAD7BBCB2165B860006661AF /* [Post]PhraseMessages.swift in Sources */ = {isa = PBXBuildFile; fileRef = CAD7BBCA2165B860006661AF /* [Post]PhraseMessages.swift */; };
		CAD7BBCD2165B8AD006661AF /* [Get]WorshipIDList.swift in Sources */ = {isa = PBXBuildFile; fileRef = CAD7BBCC2165B8AD006661AF /* [Get]WorshipIDList.swift */; };
		CAD7BBCF2165B8BB006661AF /* [Post]RecentDatas.swift in Sources */ = {isa = PBXBuildFile; fileRef = CAD7BBCE2165B8BB006661AF /* [Post]RecentDatas.swift */; };
		CAD7BBD32165BD6F006661AF /* MusicDAO.swift in Sources */ = {isa = PBXBuildFile; fileRef = CAD7BBD22165BD6F006661AF /* MusicDAO.swift */; };
		CAD7BBD72166036B006661AF /* MusicCollectionViewCell.swift in Sources */ = {isa = PBXBuildFile; fileRef = CAD7BBD62166036B006661AF /* MusicCollectionViewCell.swift */; };
		CAD7BBD921660D38006661AF /* MusicViewModel.swift in Sources */ = {isa = PBXBuildFile; fileRef = CAD7BBD821660D38006661AF /* MusicViewModel.swift */; };
		CAE1748A22DB38F7002F2A03 /* NoticeCell.swift in Sources */ = {isa = PBXBuildFile; fileRef = CAE1748922DB38F7002F2A03 /* NoticeCell.swift */; };
		CAE1748C22DB39A7002F2A03 /* NoticeHeaderView.xib in Resources */ = {isa = PBXBuildFile; fileRef = CAE1748B22DB39A7002F2A03 /* NoticeHeaderView.xib */; };
		CAE1749022DB3B16002F2A03 /* Notice.storyboard in Resources */ = {isa = PBXBuildFile; fileRef = CAE1748F22DB3B16002F2A03 /* Notice.storyboard */; };
		CAE1749222DB3B1F002F2A03 /* NoticeViewController.swift in Sources */ = {isa = PBXBuildFile; fileRef = CAE1749122DB3B1F002F2A03 /* NoticeViewController.swift */; };
		CAE1749422DB4291002F2A03 /* NoticeViewModel.swift in Sources */ = {isa = PBXBuildFile; fileRef = CAE1749322DB4291002F2A03 /* NoticeViewModel.swift */; };
		CAE1749622DB45A8002F2A03 /* NoticeHeaderView.swift in Sources */ = {isa = PBXBuildFile; fileRef = CAE1749522DB45A8002F2A03 /* NoticeHeaderView.swift */; };
		CAE645E42123C19700B109B7 /* DbEntityNameConstant.swift in Sources */ = {isa = PBXBuildFile; fileRef = CAE645E32123C19700B109B7 /* DbEntityNameConstant.swift */; };
		CAF3DEA4234CDB5F0018FA6B /* APIService.swift in Sources */ = {isa = PBXBuildFile; fileRef = CAF3DEA3234CDB5F0018FA6B /* APIService.swift */; };
		CAF3DEA6234D71780018FA6B /* NetworkDefine.swift in Sources */ = {isa = PBXBuildFile; fileRef = CAF3DEA5234D71780018FA6B /* NetworkDefine.swift */; };
		CAF3DEA8234D8C980018FA6B /* WorshipManager.swift in Sources */ = {isa = PBXBuildFile; fileRef = CAF3DEA7234D8C980018FA6B /* WorshipManager.swift */; };
		CAFA549C2104765300C4A808 /* OhJooYeoTests.swift in Sources */ = {isa = PBXBuildFile; fileRef = CAFA549B2104765300C4A808 /* OhJooYeoTests.swift */; };
		CAFB287520D4D47200B72722 /* DbManager.swift in Sources */ = {isa = PBXBuildFile; fileRef = CAFB287420D4D47200B72722 /* DbManager.swift */; };
		CAFB287920D4E6F400B72722 /* API.swift in Sources */ = {isa = PBXBuildFile; fileRef = CAFB287820D4E6F400B72722 /* API.swift */; };
		CAFB287B20D4E7CA00B72722 /* App.swift in Sources */ = {isa = PBXBuildFile; fileRef = CAFB287A20D4E7CA00B72722 /* App.swift */; };
		CAFB287D20D4E7DE00B72722 /* GlobalState.swift in Sources */ = {isa = PBXBuildFile; fileRef = CAFB287C20D4E7DE00B72722 /* GlobalState.swift */; };
		CAFB288220D4F13A00B72722 /* WholeWorshipDataDAO.swift in Sources */ = {isa = PBXBuildFile; fileRef = CAFB288120D4F13900B72722 /* WholeWorshipDataDAO.swift */; };
		D1A8812D20AF76D910A181BB /* Pods_OhJooYeo.framework in Frameworks */ = {isa = PBXBuildFile; fileRef = 1554CEBA4344C13479FD63BE /* Pods_OhJooYeo.framework */; };
/* End PBXBuildFile section */

/* Begin PBXContainerItemProxy section */
		CAFA549E2104765300C4A808 /* PBXContainerItemProxy */ = {
			isa = PBXContainerItemProxy;
			containerPortal = CA22837520943F290023B3C1 /* Project object */;
			proxyType = 1;
			remoteGlobalIDString = CA22837C20943F290023B3C1;
			remoteInfo = OhJooYeo;
		};
/* End PBXContainerItemProxy section */

/* Begin PBXCopyFilesBuildPhase section */
		CA925F0222C8D6F400F39EE5 /* Embed Frameworks */ = {
			isa = PBXCopyFilesBuildPhase;
			buildActionMask = 2147483647;
			dstPath = "";
			dstSubfolderSpec = 10;
			files = (
			);
			name = "Embed Frameworks";
			runOnlyForDeploymentPostprocessing = 0;
		};
/* End PBXCopyFilesBuildPhase section */

/* Begin PBXFileReference section */
		1554CEBA4344C13479FD63BE /* Pods_OhJooYeo.framework */ = {isa = PBXFileReference; explicitFileType = wrapper.framework; includeInIndex = 0; path = Pods_OhJooYeo.framework; sourceTree = BUILT_PRODUCTS_DIR; };
		511A0CD1AD0D8940CD915711 /* Pods-OhJooYeoTests.debug.xcconfig */ = {isa = PBXFileReference; includeInIndex = 1; lastKnownFileType = text.xcconfig; name = "Pods-OhJooYeoTests.debug.xcconfig"; path = "Target Support Files/Pods-OhJooYeoTests/Pods-OhJooYeoTests.debug.xcconfig"; sourceTree = "<group>"; };
		6B7B7D0D2B3FBA33659BD482 /* Pods-OhJooYeoTests.release.xcconfig */ = {isa = PBXFileReference; includeInIndex = 1; lastKnownFileType = text.xcconfig; name = "Pods-OhJooYeoTests.release.xcconfig"; path = "Target Support Files/Pods-OhJooYeoTests/Pods-OhJooYeoTests.release.xcconfig"; sourceTree = "<group>"; };
		9D27ECAC31BF081321680EC2 /* Pods-OhJooYeo.debug.xcconfig */ = {isa = PBXFileReference; includeInIndex = 1; lastKnownFileType = text.xcconfig; name = "Pods-OhJooYeo.debug.xcconfig"; path = "Target Support Files/Pods-OhJooYeo/Pods-OhJooYeo.debug.xcconfig"; sourceTree = "<group>"; };
		AEBAFC4EFBE85C934F60FCE7 /* Pods-OhJooYeo.release.xcconfig */ = {isa = PBXFileReference; includeInIndex = 1; lastKnownFileType = text.xcconfig; name = "Pods-OhJooYeo.release.xcconfig"; path = "Target Support Files/Pods-OhJooYeo/Pods-OhJooYeo.release.xcconfig"; sourceTree = "<group>"; };
		CA050140214196BC00B89F3D /* WorshipIDListDataViewModel.swift */ = {isa = PBXFileReference; lastKnownFileType = sourcecode.swift; path = WorshipIDListDataViewModel.swift; sourceTree = "<group>"; };
		CA0AB21520C23C190028BC69 /* AdvertisementTableViewCell.swift */ = {isa = PBXFileReference; lastKnownFileType = sourcecode.swift; path = AdvertisementTableViewCell.swift; sourceTree = "<group>"; };
		CA0AB21720C23ECE0028BC69 /* Advertisement.swift */ = {isa = PBXFileReference; lastKnownFileType = sourcecode.swift; path = Advertisement.swift; sourceTree = "<group>"; };
		CA22837D20943F290023B3C1 /* OhJooYeo.app */ = {isa = PBXFileReference; explicitFileType = wrapper.application; includeInIndex = 0; path = OhJooYeo.app; sourceTree = BUILT_PRODUCTS_DIR; };
		CA22838020943F2A0023B3C1 /* AppDelegate.swift */ = {isa = PBXFileReference; lastKnownFileType = sourcecode.swift; path = AppDelegate.swift; sourceTree = "<group>"; };
		CA22838220943F2A0023B3C1 /* MainViewController.swift */ = {isa = PBXFileReference; lastKnownFileType = sourcecode.swift; path = MainViewController.swift; sourceTree = "<group>"; };
		CA22838520943F2B0023B3C1 /* Base */ = {isa = PBXFileReference; lastKnownFileType = file.storyboard; name = Base; path = Base.lproj/Main.storyboard; sourceTree = "<group>"; };
		CA22838D20943F2C0023B3C1 /* Base */ = {isa = PBXFileReference; lastKnownFileType = file.storyboard; name = Base; path = Base.lproj/LaunchScreen.storyboard; sourceTree = "<group>"; };
		CA22838F20943F2C0023B3C1 /* Info.plist */ = {isa = PBXFileReference; lastKnownFileType = text.plist.xml; path = Info.plist; sourceTree = "<group>"; };
		CA2DED8D21CD2769009671FE /* NextPresenter.swift */ = {isa = PBXFileReference; fileEncoding = 4; lastKnownFileType = sourcecode.swift; path = NextPresenter.swift; sourceTree = "<group>"; };
		CA3080C42130F6EC00255A7E /* WorshipMainInfoViewModel.swift */ = {isa = PBXFileReference; lastKnownFileType = sourcecode.swift; path = WorshipMainInfoViewModel.swift; sourceTree = "<group>"; };
		CA3080C82130FDB600255A7E /* UtilFunction.swift */ = {isa = PBXFileReference; lastKnownFileType = sourcecode.swift; path = UtilFunction.swift; sourceTree = "<group>"; };
		CA3080CB2130FE0400255A7E /* ConstantString.swift */ = {isa = PBXFileReference; lastKnownFileType = sourcecode.swift; path = ConstantString.swift; sourceTree = "<group>"; };
		CA3080CD2130FE1600255A7E /* NotificationNameExtension.swift */ = {isa = PBXFileReference; lastKnownFileType = sourcecode.swift; path = NotificationNameExtension.swift; sourceTree = "<group>"; };
		CA42ED0F213A36F400F9BB6E /* WorshipIdDate.swift */ = {isa = PBXFileReference; lastKnownFileType = sourcecode.swift; path = WorshipIdDate.swift; sourceTree = "<group>"; };
		CA4C68A2235205D70057BEC3 /* BaseRequest.swift */ = {isa = PBXFileReference; lastKnownFileType = sourcecode.swift; path = BaseRequest.swift; sourceTree = "<group>"; };
		CA4C68A4235208F00057BEC3 /* AdvertisementRequest.swift */ = {isa = PBXFileReference; lastKnownFileType = sourcecode.swift; path = AdvertisementRequest.swift; sourceTree = "<group>"; };
		CA4C68A62352114E0057BEC3 /* WorshipInfoRequest.swift */ = {isa = PBXFileReference; lastKnownFileType = sourcecode.swift; path = WorshipInfoRequest.swift; sourceTree = "<group>"; };
		CA4FA40320B926C600BE6730 /* PhraseDetailViewController.swift */ = {isa = PBXFileReference; lastKnownFileType = sourcecode.swift; path = PhraseDetailViewController.swift; sourceTree = "<group>"; };
		CA4FA40620B926E400BE6730 /* AdvertisementViewController.swift */ = {isa = PBXFileReference; lastKnownFileType = sourcecode.swift; path = AdvertisementViewController.swift; sourceTree = "<group>"; };
		CA4FA40820B9270800BE6730 /* MusicViewController.swift */ = {isa = PBXFileReference; lastKnownFileType = sourcecode.swift; path = MusicViewController.swift; sourceTree = "<group>"; };
		CA4FA40E20B9406300BE6730 /* OrderTableViewCell.swift */ = {isa = PBXFileReference; lastKnownFileType = sourcecode.swift; path = OrderTableViewCell.swift; sourceTree = "<group>"; };
		CA4FA41120B940D900BE6730 /* NextPresenterTableViewCell.swift */ = {isa = PBXFileReference; lastKnownFileType = sourcecode.swift; path = NextPresenterTableViewCell.swift; sourceTree = "<group>"; };
		CA4FA41420B9420400BE6730 /* WorshipOrder.swift */ = {isa = PBXFileReference; lastKnownFileType = sourcecode.swift; path = WorshipOrder.swift; sourceTree = "<group>"; };
		CA6822622205AF710001126B /* MoreTableViewCell.swift */ = {isa = PBXFileReference; lastKnownFileType = sourcecode.swift; path = MoreTableViewCell.swift; sourceTree = "<group>"; };
		CA6822662205AFA50001126B /* MoreViewController.swift */ = {isa = PBXFileReference; lastKnownFileType = sourcecode.swift; path = MoreViewController.swift; sourceTree = "<group>"; };
		CA6E970A220C556700DFE0AE /* NMapViewerSDK.framework */ = {isa = PBXFileReference; lastKnownFileType = wrapper.framework; name = NMapViewerSDK.framework; path = Frameworks/NMapViewerSDK.framework; sourceTree = "<group>"; };
		CA6E9715220C69DA00DFE0AE /* LocationViewController.swift */ = {isa = PBXFileReference; lastKnownFileType = sourcecode.swift; path = LocationViewController.swift; sourceTree = "<group>"; };
		CA70536120BAECAF00815D37 /* PhraseDetailTableViewCell.swift */ = {isa = PBXFileReference; lastKnownFileType = sourcecode.swift; path = PhraseDetailTableViewCell.swift; sourceTree = "<group>"; };
		CA70536320BAEDBC00815D37 /* PhraseMessage.swift */ = {isa = PBXFileReference; lastKnownFileType = sourcecode.swift; path = PhraseMessage.swift; sourceTree = "<group>"; };
		CA7A426920B94C080097D99E /* WorshipMainInfo.swift */ = {isa = PBXFileReference; lastKnownFileType = sourcecode.swift; path = WorshipMainInfo.swift; sourceTree = "<group>"; };
		CA7A791A21F47D9400CCEE7B /* OhJooYeo.entitlements */ = {isa = PBXFileReference; lastKnownFileType = text.plist.entitlements; path = OhJooYeo.entitlements; sourceTree = "<group>"; };
		CA7D2B2C2353485B00640B13 /* FirstSectionHeader.xib */ = {isa = PBXFileReference; lastKnownFileType = file.xib; path = FirstSectionHeader.xib; sourceTree = "<group>"; };
		CA7D2B2E2353486600640B13 /* NextPresenterSectionHeader.xib */ = {isa = PBXFileReference; lastKnownFileType = file.xib; path = NextPresenterSectionHeader.xib; sourceTree = "<group>"; };
		CA7D2B3023534D2600640B13 /* FirstSectionHeader.swift */ = {isa = PBXFileReference; lastKnownFileType = sourcecode.swift; path = FirstSectionHeader.swift; sourceTree = "<group>"; };
		CA7D2B3223534D3000640B13 /* NextPresenterSectionHeader.swift */ = {isa = PBXFileReference; lastKnownFileType = sourcecode.swift; path = NextPresenterSectionHeader.swift; sourceTree = "<group>"; };
		CA7D2B3523535C8C00640B13 /* PhraseMessageViewModel.swift */ = {isa = PBXFileReference; lastKnownFileType = sourcecode.swift; path = PhraseMessageViewModel.swift; sourceTree = "<group>"; };
		CA7D2B3723535D2D00640B13 /* PhraseMessageRequest.swift */ = {isa = PBXFileReference; lastKnownFileType = sourcecode.swift; path = PhraseMessageRequest.swift; sourceTree = "<group>"; };
		CA8330C722C8C4DC00462412 /* LocationView.storyboard */ = {isa = PBXFileReference; lastKnownFileType = file.storyboard; path = LocationView.storyboard; sourceTree = "<group>"; };
		CA83972122F32B1B00248A8C /* ChuchInfoViewController.swift */ = {isa = PBXFileReference; fileEncoding = 4; lastKnownFileType = sourcecode.swift; path = ChuchInfoViewController.swift; sourceTree = "<group>"; };
		CA83972322F32B1B00248A8C /* ChurchInfo.storyboard */ = {isa = PBXFileReference; fileEncoding = 4; lastKnownFileType = file.storyboard; path = ChurchInfo.storyboard; sourceTree = "<group>"; };
		CA83972722F32C5900248A8C /* Assets.xcassets */ = {isa = PBXFileReference; lastKnownFileType = folder.assetcatalog; name = Assets.xcassets; path = Components/Resources/Assets.xcassets; sourceTree = "<group>"; };
		CA83A15F22B2923F00B2F549 /* Notice.swift */ = {isa = PBXFileReference; lastKnownFileType = sourcecode.swift; path = Notice.swift; sourceTree = "<group>"; };
		CA84C2402309590B00526BAB /* ChurchInfoViewModel.swift */ = {isa = PBXFileReference; lastKnownFileType = sourcecode.swift; path = ChurchInfoViewModel.swift; sourceTree = "<group>"; };
		CA84C24223095E1600526BAB /* AppInfo.swift */ = {isa = PBXFileReference; lastKnownFileType = sourcecode.swift; path = AppInfo.swift; sourceTree = "<group>"; };
		CA84C2442309662900526BAB /* NoDataErrorView.swift */ = {isa = PBXFileReference; lastKnownFileType = sourcecode.swift; path = NoDataErrorView.swift; sourceTree = "<group>"; };
		CA84C2462309663400526BAB /* NetworkErrorView.swift */ = {isa = PBXFileReference; lastKnownFileType = sourcecode.swift; path = NetworkErrorView.swift; sourceTree = "<group>"; };
		CA85B08022C74CB100431E74 /* BackgroundView.swift */ = {isa = PBXFileReference; lastKnownFileType = sourcecode.swift; path = BackgroundView.swift; sourceTree = "<group>"; };
		CA888F7C227AFDAF001B6E87 /* LoginViewController.swift */ = {isa = PBXFileReference; lastKnownFileType = sourcecode.swift; path = LoginViewController.swift; sourceTree = "<group>"; };
		CA888F7F227AFFBA001B6E87 /* OJYUITextField.swift */ = {isa = PBXFileReference; lastKnownFileType = sourcecode.swift; path = OJYUITextField.swift; sourceTree = "<group>"; };
		CA8AED7722A256A900DF6144 /* [Post]SignIn.swift */ = {isa = PBXFileReference; lastKnownFileType = sourcecode.swift; path = "[Post]SignIn.swift"; sourceTree = "<group>"; };
		CA8AED7922A2689B00DF6144 /* SignIn.storyboard */ = {isa = PBXFileReference; lastKnownFileType = file.storyboard; path = SignIn.storyboard; sourceTree = "<group>"; };
		CA8BB6FD228FDB5D00E6FFD5 /* LoginViewModel.swift */ = {isa = PBXFileReference; lastKnownFileType = sourcecode.swift; path = LoginViewModel.swift; sourceTree = "<group>"; };
		CA8BB6FF228FDC2500E6FFD5 /* OJYUIButton.swift */ = {isa = PBXFileReference; lastKnownFileType = sourcecode.swift; path = OJYUIButton.swift; sourceTree = "<group>"; };
		CA8BB701228FDF5000E6FFD5 /* SignUpViewController.swift */ = {isa = PBXFileReference; lastKnownFileType = sourcecode.swift; path = SignUpViewController.swift; sourceTree = "<group>"; };
		CA8BB703228FDFE300E6FFD5 /* SignUpStoryBoard.storyboard */ = {isa = PBXFileReference; lastKnownFileType = file.storyboard; path = SignUpStoryBoard.storyboard; sourceTree = "<group>"; };
		CA8E2EDE22E301E50027BCA1 /* GroupInfo.swift */ = {isa = PBXFileReference; lastKnownFileType = sourcecode.swift; path = GroupInfo.swift; sourceTree = "<group>"; };
		CA8E2EE222E308120027BCA1 /* GroupInfo.storyboard */ = {isa = PBXFileReference; lastKnownFileType = file.storyboard; path = GroupInfo.storyboard; sourceTree = "<group>"; };
		CA8E2EE722E30ABA0027BCA1 /* ChurchInfo.swift */ = {isa = PBXFileReference; fileEncoding = 4; lastKnownFileType = sourcecode.swift; path = ChurchInfo.swift; sourceTree = "<group>"; };
		CA8E2EED22E30AF80027BCA1 /* AppInfo.storyboard */ = {isa = PBXFileReference; lastKnownFileType = file.storyboard; path = AppInfo.storyboard; sourceTree = "<group>"; };
		CA91B25122F59CF300970B31 /* GroupInfoViewModel.swift */ = {isa = PBXFileReference; lastKnownFileType = sourcecode.swift; path = GroupInfoViewModel.swift; sourceTree = "<group>"; };
		CA91B25422F59D2A00970B31 /* ViewModel.swift */ = {isa = PBXFileReference; lastKnownFileType = sourcecode.swift; path = ViewModel.swift; sourceTree = "<group>"; };
		CA91B25622F59F0A00970B31 /* [Get]GroupInfoDatas.swift */ = {isa = PBXFileReference; lastKnownFileType = sourcecode.swift; path = "[Get]GroupInfoDatas.swift"; sourceTree = "<group>"; };
		CA91B25822F5CDB700970B31 /* RealmManager.swift */ = {isa = PBXFileReference; lastKnownFileType = sourcecode.swift; path = RealmManager.swift; sourceTree = "<group>"; };
		CA91B25A22F5CDC100970B31 /* RealmHelper.swift */ = {isa = PBXFileReference; lastKnownFileType = sourcecode.swift; path = RealmHelper.swift; sourceTree = "<group>"; };
		CA91B25C22F5CDEB00970B31 /* BaseRealm.swift */ = {isa = PBXFileReference; lastKnownFileType = sourcecode.swift; path = BaseRealm.swift; sourceTree = "<group>"; };
		CA925EF922C8D56000F39EE5 /* NMapsMap.framework */ = {isa = PBXFileReference; lastKnownFileType = wrapper.framework; name = NMapsMap.framework; path = Pods/NMapsMap/framework/NMapsMap.framework; sourceTree = "<group>"; };
		CA9697E02340BC6100969B48 /* BaseTableView.swift */ = {isa = PBXFileReference; lastKnownFileType = sourcecode.swift; path = BaseTableView.swift; sourceTree = "<group>"; };
		CA9697E22340BC7700969B48 /* CardView.swift */ = {isa = PBXFileReference; fileEncoding = 4; lastKnownFileType = sourcecode.swift; path = CardView.swift; sourceTree = "<group>"; };
		CA9CD23D234891B700534FEB /* ColorAssets.xcassets */ = {isa = PBXFileReference; lastKnownFileType = folder.assetcatalog; path = ColorAssets.xcassets; sourceTree = "<group>"; };
		CA9CD23F234897A000534FEB /* UIColorEx.swift */ = {isa = PBXFileReference; lastKnownFileType = sourcecode.swift; path = UIColorEx.swift; sourceTree = "<group>"; };
		CA9CF3D322081BBF0098CFA7 /* PhraseMessageSet.swift */ = {isa = PBXFileReference; lastKnownFileType = sourcecode.swift; path = PhraseMessageSet.swift; sourceTree = "<group>"; };
		CA9FC08F235C090A007C1255 /* SegueName.swift */ = {isa = PBXFileReference; lastKnownFileType = sourcecode.swift; path = SegueName.swift; sourceTree = "<group>"; };
		CAA025AD21CD484A004DE58C /* WorshipIdListDAO.swift */ = {isa = PBXFileReference; lastKnownFileType = sourcecode.swift; path = WorshipIdListDAO.swift; sourceTree = "<group>"; };
		CAA025AF21CDCC71004DE58C /* WholeWorshipData.swift */ = {isa = PBXFileReference; lastKnownFileType = sourcecode.swift; path = WholeWorshipData.swift; sourceTree = "<group>"; };
		CAA3FA5D221804A8006C30F0 /* GroupInfoViewController.swift */ = {isa = PBXFileReference; lastKnownFileType = sourcecode.swift; path = GroupInfoViewController.swift; sourceTree = "<group>"; };
		CAA3FA5F221804B0006C30F0 /* VersionInfoViewController.swift */ = {isa = PBXFileReference; lastKnownFileType = sourcecode.swift; path = VersionInfoViewController.swift; sourceTree = "<group>"; };
		CAA3FA61221804B9006C30F0 /* OpenSourceViewController.swift */ = {isa = PBXFileReference; lastKnownFileType = sourcecode.swift; path = OpenSourceViewController.swift; sourceTree = "<group>"; };
		CAA3FA63221804C1006C30F0 /* DonationViewController.swift */ = {isa = PBXFileReference; lastKnownFileType = sourcecode.swift; path = DonationViewController.swift; sourceTree = "<group>"; };
		CAA3FA65221836BF006C30F0 /* HistoryViewController.swift */ = {isa = PBXFileReference; lastKnownFileType = sourcecode.swift; path = HistoryViewController.swift; sourceTree = "<group>"; };
		CAA3FA6722183A47006C30F0 /* HistoryTableViewCell.swift */ = {isa = PBXFileReference; lastKnownFileType = sourcecode.swift; path = HistoryTableViewCell.swift; sourceTree = "<group>"; };
		CAA6B99D20F9CAFB00E802BC /* Music.swift */ = {isa = PBXFileReference; lastKnownFileType = sourcecode.swift; path = Music.swift; sourceTree = "<group>"; };
		CAA821E222E355DB00B91194 /* AppInfoViewController.swift */ = {isa = PBXFileReference; lastKnownFileType = sourcecode.swift; path = AppInfoViewController.swift; sourceTree = "<group>"; };
		CAA924E32349EF0A0037C23D /* MainTabBar.swift */ = {isa = PBXFileReference; lastKnownFileType = sourcecode.swift; path = MainTabBar.swift; sourceTree = "<group>"; };
		CABB716A22DF626D00C2FE5B /* NoticeModelItem.swift */ = {isa = PBXFileReference; lastKnownFileType = sourcecode.swift; path = NoticeModelItem.swift; sourceTree = "<group>"; };
		CAD7BBC72165B77E006661AF /* AdvertisementViewModel.swift */ = {isa = PBXFileReference; lastKnownFileType = sourcecode.swift; path = AdvertisementViewModel.swift; sourceTree = "<group>"; };
		CAD7BBCA2165B860006661AF /* [Post]PhraseMessages.swift */ = {isa = PBXFileReference; lastKnownFileType = sourcecode.swift; path = "[Post]PhraseMessages.swift"; sourceTree = "<group>"; };
		CAD7BBCC2165B8AD006661AF /* [Get]WorshipIDList.swift */ = {isa = PBXFileReference; lastKnownFileType = sourcecode.swift; path = "[Get]WorshipIDList.swift"; sourceTree = "<group>"; };
		CAD7BBCE2165B8BB006661AF /* [Post]RecentDatas.swift */ = {isa = PBXFileReference; lastKnownFileType = sourcecode.swift; path = "[Post]RecentDatas.swift"; sourceTree = "<group>"; };
		CAD7BBD22165BD6F006661AF /* MusicDAO.swift */ = {isa = PBXFileReference; lastKnownFileType = sourcecode.swift; path = MusicDAO.swift; sourceTree = "<group>"; };
		CAD7BBD62166036B006661AF /* MusicCollectionViewCell.swift */ = {isa = PBXFileReference; lastKnownFileType = sourcecode.swift; path = MusicCollectionViewCell.swift; sourceTree = "<group>"; };
		CAD7BBD821660D38006661AF /* MusicViewModel.swift */ = {isa = PBXFileReference; lastKnownFileType = sourcecode.swift; path = MusicViewModel.swift; sourceTree = "<group>"; };
		CAE1748922DB38F7002F2A03 /* NoticeCell.swift */ = {isa = PBXFileReference; lastKnownFileType = sourcecode.swift; path = NoticeCell.swift; sourceTree = "<group>"; };
		CAE1748B22DB39A7002F2A03 /* NoticeHeaderView.xib */ = {isa = PBXFileReference; lastKnownFileType = file.xib; path = NoticeHeaderView.xib; sourceTree = "<group>"; };
		CAE1748F22DB3B16002F2A03 /* Notice.storyboard */ = {isa = PBXFileReference; fileEncoding = 4; lastKnownFileType = file.storyboard; path = Notice.storyboard; sourceTree = "<group>"; };
		CAE1749122DB3B1F002F2A03 /* NoticeViewController.swift */ = {isa = PBXFileReference; fileEncoding = 4; lastKnownFileType = sourcecode.swift; path = NoticeViewController.swift; sourceTree = "<group>"; };
		CAE1749322DB4291002F2A03 /* NoticeViewModel.swift */ = {isa = PBXFileReference; lastKnownFileType = sourcecode.swift; path = NoticeViewModel.swift; sourceTree = "<group>"; };
		CAE1749522DB45A8002F2A03 /* NoticeHeaderView.swift */ = {isa = PBXFileReference; lastKnownFileType = sourcecode.swift; path = NoticeHeaderView.swift; sourceTree = "<group>"; };
		CAE645E32123C19700B109B7 /* DbEntityNameConstant.swift */ = {isa = PBXFileReference; lastKnownFileType = sourcecode.swift; path = DbEntityNameConstant.swift; sourceTree = "<group>"; };
		CAF3DEA3234CDB5F0018FA6B /* APIService.swift */ = {isa = PBXFileReference; lastKnownFileType = sourcecode.swift; path = APIService.swift; sourceTree = "<group>"; };
		CAF3DEA5234D71780018FA6B /* NetworkDefine.swift */ = {isa = PBXFileReference; lastKnownFileType = sourcecode.swift; path = NetworkDefine.swift; sourceTree = "<group>"; };
		CAF3DEA7234D8C980018FA6B /* WorshipManager.swift */ = {isa = PBXFileReference; lastKnownFileType = sourcecode.swift; path = WorshipManager.swift; sourceTree = "<group>"; };
		CAFA54992104765300C4A808 /* OhJooYeoTests.xctest */ = {isa = PBXFileReference; explicitFileType = wrapper.cfbundle; includeInIndex = 0; path = OhJooYeoTests.xctest; sourceTree = BUILT_PRODUCTS_DIR; };
		CAFA549B2104765300C4A808 /* OhJooYeoTests.swift */ = {isa = PBXFileReference; lastKnownFileType = sourcecode.swift; path = OhJooYeoTests.swift; sourceTree = "<group>"; };
		CAFA549D2104765300C4A808 /* Info.plist */ = {isa = PBXFileReference; lastKnownFileType = text.plist.xml; path = Info.plist; sourceTree = "<group>"; };
		CAFB287420D4D47200B72722 /* DbManager.swift */ = {isa = PBXFileReference; lastKnownFileType = sourcecode.swift; path = DbManager.swift; sourceTree = "<group>"; };
		CAFB287820D4E6F400B72722 /* API.swift */ = {isa = PBXFileReference; lastKnownFileType = sourcecode.swift; path = API.swift; sourceTree = "<group>"; };
		CAFB287A20D4E7CA00B72722 /* App.swift */ = {isa = PBXFileReference; lastKnownFileType = sourcecode.swift; path = App.swift; sourceTree = "<group>"; };
		CAFB287C20D4E7DE00B72722 /* GlobalState.swift */ = {isa = PBXFileReference; lastKnownFileType = sourcecode.swift; path = GlobalState.swift; sourceTree = "<group>"; };
		CAFB288120D4F13900B72722 /* WholeWorshipDataDAO.swift */ = {isa = PBXFileReference; lastKnownFileType = sourcecode.swift; path = WholeWorshipDataDAO.swift; sourceTree = "<group>"; };
		F9BAB264DBB516523741259C /* Pods_OhJooYeoTests.framework */ = {isa = PBXFileReference; explicitFileType = wrapper.framework; includeInIndex = 0; path = Pods_OhJooYeoTests.framework; sourceTree = BUILT_PRODUCTS_DIR; };
/* End PBXFileReference section */

/* Begin PBXFrameworksBuildPhase section */
		CA22837A20943F290023B3C1 /* Frameworks */ = {
			isa = PBXFrameworksBuildPhase;
			buildActionMask = 2147483647;
			files = (
				D1A8812D20AF76D910A181BB /* Pods_OhJooYeo.framework in Frameworks */,
			);
			runOnlyForDeploymentPostprocessing = 0;
		};
		CAFA54962104765300C4A808 /* Frameworks */ = {
			isa = PBXFrameworksBuildPhase;
			buildActionMask = 2147483647;
			files = (
				6631508FC50701815B50903F /* Pods_OhJooYeoTests.framework in Frameworks */,
			);
			runOnlyForDeploymentPostprocessing = 0;
		};
/* End PBXFrameworksBuildPhase section */

/* Begin PBXGroup section */
		A31CA44B33F291CE4346336F /* Frameworks */ = {
			isa = PBXGroup;
			children = (
				CA925EF922C8D56000F39EE5 /* NMapsMap.framework */,
				CA6E970A220C556700DFE0AE /* NMapViewerSDK.framework */,
				1554CEBA4344C13479FD63BE /* Pods_OhJooYeo.framework */,
				F9BAB264DBB516523741259C /* Pods_OhJooYeoTests.framework */,
			);
			name = Frameworks;
			sourceTree = "<group>";
		};
		CA0AB21220C23B960028BC69 /* Model */ = {
			isa = PBXGroup;
			children = (
				CA0AB21720C23ECE0028BC69 /* Advertisement.swift */,
				CA4C68A4235208F00057BEC3 /* AdvertisementRequest.swift */,
			);
			path = Model;
			sourceTree = "<group>";
		};
		CA0AB21320C23BA30028BC69 /* View */ = {
			isa = PBXGroup;
			children = (
				CA0AB21520C23C190028BC69 /* AdvertisementTableViewCell.swift */,
			);
			path = View;
			sourceTree = "<group>";
		};
		CA0AB21420C23BEB0028BC69 /* Common */ = {
			isa = PBXGroup;
			children = (
				CA9FC08E235C08FA007C1255 /* Constant */,
				CA91B25322F59D1A00970B31 /* Util */,
				CA888F7E227AFF76001B6E87 /* View */,
				CA3080CA2130FDBB00255A7E /* API */,
				CAF3DEA2234CDABA0018FA6B /* API-Renewal */,
				CAE645E22123C17300B109B7 /* DbManager */,
			);
			path = Common;
			sourceTree = "<group>";
		};
		CA22837420943F290023B3C1 = {
			isa = PBXGroup;
			children = (
				CA22837F20943F2A0023B3C1 /* OhJooYeo */,
				CAFA549A2104765300C4A808 /* OhJooYeoTests */,
				CA22837E20943F290023B3C1 /* Products */,
				A31CA44B33F291CE4346336F /* Frameworks */,
				FB75226FEF916A1B78FC5447 /* Pods */,
			);
			sourceTree = "<group>";
		};
		CA22837E20943F290023B3C1 /* Products */ = {
			isa = PBXGroup;
			children = (
				CA22837D20943F290023B3C1 /* OhJooYeo.app */,
				CAFA54992104765300C4A808 /* OhJooYeoTests.xctest */,
			);
			name = Products;
			sourceTree = "<group>";
		};
		CA22837F20943F2A0023B3C1 /* OhJooYeo */ = {
			isa = PBXGroup;
			children = (
				CA888F76227AFC19001B6E87 /* Deprecated */,
				CA7A791A21F47D9400CCEE7B /* OhJooYeo.entitlements */,
				CA0AB21420C23BEB0028BC69 /* Common */,
				CA83971C22F3202700248A8C /* Components */,
				CA83972722F32C5900248A8C /* Assets.xcassets */,
				CA9CD23D234891B700534FEB /* ColorAssets.xcassets */,
				CA22838F20943F2C0023B3C1 /* Info.plist */,
			);
			path = OhJooYeo;
			sourceTree = "<group>";
		};
		CA3080BF2130F61200255A7E /* ViewModel */ = {
			isa = PBXGroup;
			children = (
				CA3080C42130F6EC00255A7E /* WorshipMainInfoViewModel.swift */,
			);
			path = ViewModel;
			sourceTree = "<group>";
		};
		CA3080C02130F62100255A7E /* ViewModel */ = {
			isa = PBXGroup;
			children = (
				CAD7BBC72165B77E006661AF /* AdvertisementViewModel.swift */,
			);
			path = ViewModel;
			sourceTree = "<group>";
		};
		CA3080C12130F62D00255A7E /* ViewModel */ = {
			isa = PBXGroup;
			children = (
				CAD7BBD821660D38006661AF /* MusicViewModel.swift */,
			);
			path = ViewModel;
			sourceTree = "<group>";
		};
		CA3080C22130F63500255A7E /* Model */ = {
			isa = PBXGroup;
			children = (
				CAA6B99D20F9CAFB00E802BC /* Music.swift */,
				CAD7BBD22165BD6F006661AF /* MusicDAO.swift */,
			);
			path = Model;
			sourceTree = "<group>";
		};
		CA3080C32130F63F00255A7E /* ViewController */ = {
			isa = PBXGroup;
			children = (
				CA4FA40820B9270800BE6730 /* MusicViewController.swift */,
			);
			path = ViewController;
			sourceTree = "<group>";
		};
		CA3080C62130F73700255A7E /* TableViewCells */ = {
			isa = PBXGroup;
			children = (
				CA4FA40E20B9406300BE6730 /* OrderTableViewCell.swift */,
				CA4FA41120B940D900BE6730 /* NextPresenterTableViewCell.swift */,
				CAA3FA6722183A47006C30F0 /* HistoryTableViewCell.swift */,
			);
			path = TableViewCells;
			sourceTree = "<group>";
		};
		CA3080C72130F74C00255A7E /* View */ = {
			isa = PBXGroup;
			children = (
				CA4FA41020B9406700BE6730 /* ViewController */,
				CAF7E59C2353456C00F341F7 /* SectionHeader */,
				CA3080C62130F73700255A7E /* TableViewCells */,
			);
			path = View;
			sourceTree = "<group>";
		};
		CA3080CA2130FDBB00255A7E /* API */ = {
			isa = PBXGroup;
			children = (
				CAD7BBC92165B83A006661AF /* API-List */,
				CAFB287820D4E6F400B72722 /* API.swift */,
				CAFB287A20D4E7CA00B72722 /* App.swift */,
			);
			path = API;
			sourceTree = "<group>";
		};
		CA42ED0E213A36DE00F9BB6E /* WorshipListModel */ = {
			isa = PBXGroup;
			children = (
				CA42ED0F213A36F400F9BB6E /* WorshipIdDate.swift */,
				CA050140214196BC00B89F3D /* WorshipIDListDataViewModel.swift */,
				CAA025AD21CD484A004DE58C /* WorshipIdListDAO.swift */,
			);
			path = WorshipListModel;
			sourceTree = "<group>";
		};
		CA4FA40A20B93FF200BE6730 /* Main */ = {
			isa = PBXGroup;
			children = (
				CA4FA41320B941F600BE6730 /* Model */,
				CA3080C72130F74C00255A7E /* View */,
				CA3080BF2130F61200255A7E /* ViewModel */,
			);
			path = Main;
			sourceTree = "<group>";
		};
		CA4FA40B20B9400900BE6730 /* PhraseDetail */ = {
			isa = PBXGroup;
			children = (
				CA7A428E20BAE6C00097D99E /* Model */,
				CA7D2B3423535C7900640B13 /* ViewModel */,
				CAA914EA2155E0B5002E2CE6 /* View */,
			);
			path = PhraseDetail;
			sourceTree = "<group>";
		};
		CA4FA40C20B9401300BE6730 /* Advertisement */ = {
			isa = PBXGroup;
			children = (
				CA0AB21220C23B960028BC69 /* Model */,
				CA0AB21320C23BA30028BC69 /* View */,
				CA3080C02130F62100255A7E /* ViewModel */,
				CA4FA40620B926E400BE6730 /* AdvertisementViewController.swift */,
			);
			path = Advertisement;
			sourceTree = "<group>";
		};
		CA4FA40D20B9401A00BE6730 /* Music */ = {
			isa = PBXGroup;
			children = (
				CA3080C22130F63500255A7E /* Model */,
				CAD7BBD42166034A006661AF /* View */,
				CA3080C12130F62D00255A7E /* ViewModel */,
				CA3080C32130F63F00255A7E /* ViewController */,
			);
			path = Music;
			sourceTree = "<group>";
		};
		CA4FA41020B9406700BE6730 /* ViewController */ = {
			isa = PBXGroup;
			children = (
				CA22838220943F2A0023B3C1 /* MainViewController.swift */,
				CAA3FA65221836BF006C30F0 /* HistoryViewController.swift */,
			);
			path = ViewController;
			sourceTree = "<group>";
		};
		CA4FA41320B941F600BE6730 /* Model */ = {
			isa = PBXGroup;
			children = (
				CAA025AF21CDCC71004DE58C /* WholeWorshipData.swift */,
				CAFB288120D4F13900B72722 /* WholeWorshipDataDAO.swift */,
				CA7A426920B94C080097D99E /* WorshipMainInfo.swift */,
				CA4FA41420B9420400BE6730 /* WorshipOrder.swift */,
				CA2DED8D21CD2769009671FE /* NextPresenter.swift */,
				CA4C68A62352114E0057BEC3 /* WorshipInfoRequest.swift */,
			);
			path = Model;
			sourceTree = "<group>";
		};
		CA68225C2205AE570001126B /* More */ = {
			isa = PBXGroup;
			children = (
				CA68225D2205AEAB0001126B /* Model */,
				CA68225E2205AEBD0001126B /* View */,
				CA68225F2205AEC20001126B /* ViewModel */,
				CA6822692205B1770001126B /* ViewController */,
			);
			path = More;
			sourceTree = "<group>";
		};
		CA68225D2205AEAB0001126B /* Model */ = {
			isa = PBXGroup;
			children = (
			);
			path = Model;
			sourceTree = "<group>";
		};
		CA68225E2205AEBD0001126B /* View */ = {
			isa = PBXGroup;
			children = (
				CA6822682205B16E0001126B /* TableViewCells */,
			);
			path = View;
			sourceTree = "<group>";
		};
		CA68225F2205AEC20001126B /* ViewModel */ = {
			isa = PBXGroup;
			children = (
			);
			path = ViewModel;
			sourceTree = "<group>";
		};
		CA6822682205B16E0001126B /* TableViewCells */ = {
			isa = PBXGroup;
			children = (
				CA6822622205AF710001126B /* MoreTableViewCell.swift */,
			);
			path = TableViewCells;
			sourceTree = "<group>";
		};
		CA6822692205B1770001126B /* ViewController */ = {
			isa = PBXGroup;
			children = (
				CA6E970E220C64D800DFE0AE /* 01.Notice */,
				CA6E970F220C64E300DFE0AE /* 02.ChurchIntro */,
				CA6E9710220C698E00DFE0AE /* 03.Location */,
				CA6E9711220C69A600DFE0AE /* 04.GroupInfo */,
				CA6E9712220C69AF00DFE0AE /* 05.AppInfo */,
				CA6E9714220C69C500DFE0AE /* 06.Donation */,
				CA6822662205AFA50001126B /* MoreViewController.swift */,
			);
			path = ViewController;
			sourceTree = "<group>";
		};
		CA6E970E220C64D800DFE0AE /* 01.Notice */ = {
			isa = PBXGroup;
			children = (
				CA83A15D22B2922900B2F549 /* model */,
				CA83A15E22B2922F00B2F549 /* viewmodel */,
				CA83A15C22B2922200B2F549 /* viewcontroller */,
				CA83A15B22B2921800B2F549 /* view */,
			);
			path = 01.Notice;
			sourceTree = "<group>";
		};
		CA6E970F220C64E300DFE0AE /* 02.ChurchIntro */ = {
			isa = PBXGroup;
			children = (
				CA8E2EE622E30ABA0027BCA1 /* model */,
				CA83972222F32B1B00248A8C /* view */,
				CA83972022F32B1B00248A8C /* viewcontroller */,
				CA83972422F32B1B00248A8C /* viewmodel */,
			);
			path = 02.ChurchIntro;
			sourceTree = "<group>";
		};
		CA6E9710220C698E00DFE0AE /* 03.Location */ = {
			isa = PBXGroup;
			children = (
				CA8330C222C8C4A400462412 /* model */,
				CA8330C422C8C4A500462412 /* viewmodel */,
				CA8330C322C8C4A500462412 /* viewcontroller */,
				CA8330C122C8C4A400462412 /* view */,
			);
			path = 03.Location;
			sourceTree = "<group>";
		};
		CA6E9711220C69A600DFE0AE /* 04.GroupInfo */ = {
			isa = PBXGroup;
			children = (
				CA8E2EDA22E3019D0027BCA1 /* model */,
				CA8E2EDB22E301A70027BCA1 /* viewmodel */,
				CA8E2EDC22E301AF0027BCA1 /* viewcontroller */,
				CA8E2EDD22E301B50027BCA1 /* view */,
			);
			path = 04.GroupInfo;
			sourceTree = "<group>";
		};
		CA6E9712220C69AF00DFE0AE /* 05.AppInfo */ = {
			isa = PBXGroup;
			children = (
				CA8E2EE422E30A770027BCA1 /* VersionInfo */,
				CA8E2EE522E30A810027BCA1 /* OpenSource */,
				CA8E2EED22E30AF80027BCA1 /* AppInfo.storyboard */,
				CAA821E222E355DB00B91194 /* AppInfoViewController.swift */,
			);
			path = 05.AppInfo;
			sourceTree = "<group>";
		};
		CA6E9714220C69C500DFE0AE /* 06.Donation */ = {
			isa = PBXGroup;
			children = (
				CAA3FA63221804C1006C30F0 /* DonationViewController.swift */,
			);
			path = 06.Donation;
			sourceTree = "<group>";
		};
		CA7A428E20BAE6C00097D99E /* Model */ = {
			isa = PBXGroup;
			children = (
				CA70536320BAEDBC00815D37 /* PhraseMessage.swift */,
				CA9CF3D322081BBF0098CFA7 /* PhraseMessageSet.swift */,
				CA7D2B3723535D2D00640B13 /* PhraseMessageRequest.swift */,
			);
			path = Model;
			sourceTree = "<group>";
		};
		CA7A428F20BAE6F00097D99E /* ViewController */ = {
			isa = PBXGroup;
			children = (
				CA4FA40320B926C600BE6730 /* PhraseDetailViewController.swift */,
			);
			path = ViewController;
			sourceTree = "<group>";
		};
		CA7D2B3423535C7900640B13 /* ViewModel */ = {
			isa = PBXGroup;
			children = (
				CA7D2B3523535C8C00640B13 /* PhraseMessageViewModel.swift */,
			);
			path = ViewModel;
			sourceTree = "<group>";
		};
		CA8330C122C8C4A400462412 /* view */ = {
			isa = PBXGroup;
			children = (
				CA8330C722C8C4DC00462412 /* LocationView.storyboard */,
			);
			path = view;
			sourceTree = "<group>";
		};
		CA8330C222C8C4A400462412 /* model */ = {
			isa = PBXGroup;
			children = (
			);
			path = model;
			sourceTree = "<group>";
		};
		CA8330C322C8C4A500462412 /* viewcontroller */ = {
			isa = PBXGroup;
			children = (
				CA6E9715220C69DA00DFE0AE /* LocationViewController.swift */,
			);
			path = viewcontroller;
			sourceTree = "<group>";
		};
		CA8330C422C8C4A500462412 /* viewmodel */ = {
			isa = PBXGroup;
			children = (
			);
			path = viewmodel;
			sourceTree = "<group>";
		};
		CA83971C22F3202700248A8C /* Components */ = {
			isa = PBXGroup;
			children = (
				CA22838020943F2A0023B3C1 /* AppDelegate.swift */,
				CA83971E22F320AE00248A8C /* Resources */,
				CA83971D22F3205900248A8C /* Storyboards */,
				CA888F77227AFC2B001B6E87 /* Login */,
				CA4FA40A20B93FF200BE6730 /* Main */,
				CA4FA40B20B9400900BE6730 /* PhraseDetail */,
				CA4FA40C20B9401300BE6730 /* Advertisement */,
				CA68225C2205AE570001126B /* More */,
				CA42ED0E213A36DE00F9BB6E /* WorshipListModel */,
			);
			path = Components;
			sourceTree = "<group>";
		};
		CA83971D22F3205900248A8C /* Storyboards */ = {
			isa = PBXGroup;
			children = (
				CA22838420943F2B0023B3C1 /* Main.storyboard */,
				CA22838C20943F2C0023B3C1 /* LaunchScreen.storyboard */,
			);
			path = Storyboards;
			sourceTree = "<group>";
		};
		CA83971E22F320AE00248A8C /* Resources */ = {
			isa = PBXGroup;
			children = (
			);
			path = Resources;
			sourceTree = "<group>";
		};
		CA83972022F32B1B00248A8C /* viewcontroller */ = {
			isa = PBXGroup;
			children = (
				CA83972122F32B1B00248A8C /* ChuchInfoViewController.swift */,
			);
			path = viewcontroller;
			sourceTree = "<group>";
		};
		CA83972222F32B1B00248A8C /* view */ = {
			isa = PBXGroup;
			children = (
				CA83972322F32B1B00248A8C /* ChurchInfo.storyboard */,
			);
			path = view;
			sourceTree = "<group>";
		};
		CA83972422F32B1B00248A8C /* viewmodel */ = {
			isa = PBXGroup;
			children = (
				CA84C2402309590B00526BAB /* ChurchInfoViewModel.swift */,
			);
			path = viewmodel;
			sourceTree = "<group>";
		};
		CA83A15B22B2921800B2F549 /* view */ = {
			isa = PBXGroup;
			children = (
				CAE1748F22DB3B16002F2A03 /* Notice.storyboard */,
				CAE1748922DB38F7002F2A03 /* NoticeCell.swift */,
				CAE1748B22DB39A7002F2A03 /* NoticeHeaderView.xib */,
				CAE1749522DB45A8002F2A03 /* NoticeHeaderView.swift */,
			);
			path = view;
			sourceTree = "<group>";
		};
		CA83A15C22B2922200B2F549 /* viewcontroller */ = {
			isa = PBXGroup;
			children = (
				CAE1749122DB3B1F002F2A03 /* NoticeViewController.swift */,
			);
			path = viewcontroller;
			sourceTree = "<group>";
		};
		CA83A15D22B2922900B2F549 /* model */ = {
			isa = PBXGroup;
			children = (
				CA83A15F22B2923F00B2F549 /* Notice.swift */,
				CABB716A22DF626D00C2FE5B /* NoticeModelItem.swift */,
			);
			path = model;
			sourceTree = "<group>";
		};
		CA83A15E22B2922F00B2F549 /* viewmodel */ = {
			isa = PBXGroup;
			children = (
				CAE1749322DB4291002F2A03 /* NoticeViewModel.swift */,
			);
			path = viewmodel;
			sourceTree = "<group>";
		};
		CA888F76227AFC19001B6E87 /* Deprecated */ = {
			isa = PBXGroup;
			children = (
				CA4FA40D20B9401A00BE6730 /* Music */,
			);
			path = Deprecated;
			sourceTree = "<group>";
		};
		CA888F77227AFC2B001B6E87 /* Login */ = {
			isa = PBXGroup;
			children = (
				CA888F7A227AFC9F001B6E87 /* Model */,
				CA888F78227AFC3E001B6E87 /* View */,
				CA888F7B227AFCA4001B6E87 /* ViewModel */,
			);
			path = Login;
			sourceTree = "<group>";
		};
		CA888F78227AFC3E001B6E87 /* View */ = {
			isa = PBXGroup;
			children = (
				CA888F79227AFC96001B6E87 /* ViewController */,
				CA8BB703228FDFE300E6FFD5 /* SignUpStoryBoard.storyboard */,
				CA8AED7922A2689B00DF6144 /* SignIn.storyboard */,
			);
			path = View;
			sourceTree = "<group>";
		};
		CA888F79227AFC96001B6E87 /* ViewController */ = {
			isa = PBXGroup;
			children = (
				CA888F7C227AFDAF001B6E87 /* LoginViewController.swift */,
				CA8BB701228FDF5000E6FFD5 /* SignUpViewController.swift */,
			);
			path = ViewController;
			sourceTree = "<group>";
		};
		CA888F7A227AFC9F001B6E87 /* Model */ = {
			isa = PBXGroup;
			children = (
			);
			path = Model;
			sourceTree = "<group>";
		};
		CA888F7B227AFCA4001B6E87 /* ViewModel */ = {
			isa = PBXGroup;
			children = (
				CA8BB6FD228FDB5D00E6FFD5 /* LoginViewModel.swift */,
			);
			path = ViewModel;
			sourceTree = "<group>";
		};
		CA888F7E227AFF76001B6E87 /* View */ = {
			isa = PBXGroup;
			children = (
				CA9697E22340BC7700969B48 /* CardView.swift */,
				CA888F7F227AFFBA001B6E87 /* OJYUITextField.swift */,
				CA8BB6FF228FDC2500E6FFD5 /* OJYUIButton.swift */,
				CA85B08022C74CB100431E74 /* BackgroundView.swift */,
				CA9697E02340BC6100969B48 /* BaseTableView.swift */,
				CA9CD23F234897A000534FEB /* UIColorEx.swift */,
				CAA924E32349EF0A0037C23D /* MainTabBar.swift */,
			);
			path = View;
			sourceTree = "<group>";
		};
		CA8E2EDA22E3019D0027BCA1 /* model */ = {
			isa = PBXGroup;
			children = (
				CA8E2EDE22E301E50027BCA1 /* GroupInfo.swift */,
			);
			path = model;
			sourceTree = "<group>";
		};
		CA8E2EDB22E301A70027BCA1 /* viewmodel */ = {
			isa = PBXGroup;
			children = (
				CA91B25122F59CF300970B31 /* GroupInfoViewModel.swift */,
			);
			path = viewmodel;
			sourceTree = "<group>";
		};
		CA8E2EDC22E301AF0027BCA1 /* viewcontroller */ = {
			isa = PBXGroup;
			children = (
				CAA3FA5D221804A8006C30F0 /* GroupInfoViewController.swift */,
			);
			path = viewcontroller;
			sourceTree = "<group>";
		};
		CA8E2EDD22E301B50027BCA1 /* view */ = {
			isa = PBXGroup;
			children = (
				CA8E2EE222E308120027BCA1 /* GroupInfo.storyboard */,
			);
			path = view;
			sourceTree = "<group>";
		};
		CA8E2EE422E30A770027BCA1 /* VersionInfo */ = {
			isa = PBXGroup;
			children = (
				CAA3FA5F221804B0006C30F0 /* VersionInfoViewController.swift */,
			);
			path = VersionInfo;
			sourceTree = "<group>";
		};
		CA8E2EE522E30A810027BCA1 /* OpenSource */ = {
			isa = PBXGroup;
			children = (
				CAA3FA61221804B9006C30F0 /* OpenSourceViewController.swift */,
			);
			path = OpenSource;
			sourceTree = "<group>";
		};
		CA8E2EE622E30ABA0027BCA1 /* model */ = {
			isa = PBXGroup;
			children = (
				CA8E2EE722E30ABA0027BCA1 /* ChurchInfo.swift */,
			);
			path = model;
			sourceTree = "<group>";
		};
		CA91B25322F59D1A00970B31 /* Util */ = {
			isa = PBXGroup;
			children = (
				CAFB287C20D4E7DE00B72722 /* GlobalState.swift */,
				CA3080C82130FDB600255A7E /* UtilFunction.swift */,
				CA3080CB2130FE0400255A7E /* ConstantString.swift */,
				CA3080CD2130FE1600255A7E /* NotificationNameExtension.swift */,
				CA91B25422F59D2A00970B31 /* ViewModel.swift */,
				CA84C24223095E1600526BAB /* AppInfo.swift */,
				CA84C2442309662900526BAB /* NoDataErrorView.swift */,
				CA84C2462309663400526BAB /* NetworkErrorView.swift */,
				CAF3DEA5234D71780018FA6B /* NetworkDefine.swift */,
				CAF3DEA7234D8C980018FA6B /* WorshipManager.swift */,
				CA4C68A2235205D70057BEC3 /* BaseRequest.swift */,
			);
			path = Util;
			sourceTree = "<group>";
		};
		CA9FC08E235C08FA007C1255 /* Constant */ = {
			isa = PBXGroup;
			children = (
				CA9FC08F235C090A007C1255 /* SegueName.swift */,
			);
			path = Constant;
			sourceTree = "<group>";
		};
		CAA914EA2155E0B5002E2CE6 /* View */ = {
			isa = PBXGroup;
			children = (
				CA7A428F20BAE6F00097D99E /* ViewController */,
				CAA914EB2155E0C1002E2CE6 /* TableViewCells */,
			);
			path = View;
			sourceTree = "<group>";
		};
		CAA914EB2155E0C1002E2CE6 /* TableViewCells */ = {
			isa = PBXGroup;
			children = (
				CA70536120BAECAF00815D37 /* PhraseDetailTableViewCell.swift */,
			);
			path = TableViewCells;
			sourceTree = "<group>";
		};
		CAD7BBC92165B83A006661AF /* API-List */ = {
			isa = PBXGroup;
			children = (
				CAD7BBCC2165B8AD006661AF /* [Get]WorshipIDList.swift */,
				CAD7BBCE2165B8BB006661AF /* [Post]RecentDatas.swift */,
				CAD7BBCA2165B860006661AF /* [Post]PhraseMessages.swift */,
				CA8AED7722A256A900DF6144 /* [Post]SignIn.swift */,
				CA91B25622F59F0A00970B31 /* [Get]GroupInfoDatas.swift */,
			);
			path = "API-List";
			sourceTree = "<group>";
		};
		CAD7BBD42166034A006661AF /* View */ = {
			isa = PBXGroup;
			children = (
				CAD7BBD521660356006661AF /* CollectionViewCell */,
			);
			path = View;
			sourceTree = "<group>";
		};
		CAD7BBD521660356006661AF /* CollectionViewCell */ = {
			isa = PBXGroup;
			children = (
				CAD7BBD62166036B006661AF /* MusicCollectionViewCell.swift */,
			);
			path = CollectionViewCell;
			sourceTree = "<group>";
		};
		CAE645E22123C17300B109B7 /* DbManager */ = {
			isa = PBXGroup;
			children = (
				CAFB287420D4D47200B72722 /* DbManager.swift */,
				CAE645E32123C19700B109B7 /* DbEntityNameConstant.swift */,
				CA91B25822F5CDB700970B31 /* RealmManager.swift */,
				CA91B25A22F5CDC100970B31 /* RealmHelper.swift */,
				CA91B25C22F5CDEB00970B31 /* BaseRealm.swift */,
			);
			path = DbManager;
			sourceTree = "<group>";
		};
		CAF3DEA2234CDABA0018FA6B /* API-Renewal */ = {
			isa = PBXGroup;
			children = (
				CAF3DEA3234CDB5F0018FA6B /* APIService.swift */,
			);
			path = "API-Renewal";
			sourceTree = "<group>";
		};
		CAF7E59C2353456C00F341F7 /* SectionHeader */ = {
			isa = PBXGroup;
			children = (
				CA7D2B2C2353485B00640B13 /* FirstSectionHeader.xib */,
				CA7D2B2E2353486600640B13 /* NextPresenterSectionHeader.xib */,
				CA7D2B3023534D2600640B13 /* FirstSectionHeader.swift */,
				CA7D2B3223534D3000640B13 /* NextPresenterSectionHeader.swift */,
			);
			path = SectionHeader;
			sourceTree = "<group>";
		};
		CAFA549A2104765300C4A808 /* OhJooYeoTests */ = {
			isa = PBXGroup;
			children = (
				CAFA549B2104765300C4A808 /* OhJooYeoTests.swift */,
				CAFA549D2104765300C4A808 /* Info.plist */,
			);
			path = OhJooYeoTests;
			sourceTree = "<group>";
		};
		FB75226FEF916A1B78FC5447 /* Pods */ = {
			isa = PBXGroup;
			children = (
				9D27ECAC31BF081321680EC2 /* Pods-OhJooYeo.debug.xcconfig */,
				AEBAFC4EFBE85C934F60FCE7 /* Pods-OhJooYeo.release.xcconfig */,
				511A0CD1AD0D8940CD915711 /* Pods-OhJooYeoTests.debug.xcconfig */,
				6B7B7D0D2B3FBA33659BD482 /* Pods-OhJooYeoTests.release.xcconfig */,
			);
			path = Pods;
			sourceTree = "<group>";
		};
/* End PBXGroup section */

/* Begin PBXNativeTarget section */
		CA22837C20943F290023B3C1 /* OhJooYeo */ = {
			isa = PBXNativeTarget;
			buildConfigurationList = CA22839220943F2C0023B3C1 /* Build configuration list for PBXNativeTarget "OhJooYeo" */;
			buildPhases = (
				4AFDD06097718F73F3EC83EC /* [CP] Check Pods Manifest.lock */,
				CA22837920943F290023B3C1 /* Sources */,
				CA22837A20943F290023B3C1 /* Frameworks */,
				CA22837B20943F290023B3C1 /* Resources */,
				CA6E970C220C573100DFE0AE /* ShellScript */,
				CA925F0222C8D6F400F39EE5 /* Embed Frameworks */,
				BABDB1147D5B878DF5B37054 /* [CP] Embed Pods Frameworks */,
			);
			buildRules = (
			);
			dependencies = (
			);
			name = OhJooYeo;
			productName = OhJooYeo;
			productReference = CA22837D20943F290023B3C1 /* OhJooYeo.app */;
			productType = "com.apple.product-type.application";
		};
		CAFA54982104765300C4A808 /* OhJooYeoTests */ = {
			isa = PBXNativeTarget;
			buildConfigurationList = CAFA54A22104765300C4A808 /* Build configuration list for PBXNativeTarget "OhJooYeoTests" */;
			buildPhases = (
				3204F0740F37EA362E284665 /* [CP] Check Pods Manifest.lock */,
				CAFA54952104765300C4A808 /* Sources */,
				CAFA54962104765300C4A808 /* Frameworks */,
				CAFA54972104765300C4A808 /* Resources */,
			);
			buildRules = (
			);
			dependencies = (
				CAFA549F2104765300C4A808 /* PBXTargetDependency */,
			);
			name = OhJooYeoTests;
			productName = OhJooYeoTests;
			productReference = CAFA54992104765300C4A808 /* OhJooYeoTests.xctest */;
			productType = "com.apple.product-type.bundle.unit-test";
		};
/* End PBXNativeTarget section */

/* Begin PBXProject section */
		CA22837520943F290023B3C1 /* Project object */ = {
			isa = PBXProject;
			attributes = {
				LastSwiftUpdateCheck = 0940;
				LastUpgradeCheck = 0920;
				ORGANIZATIONNAME = devming;
				TargetAttributes = {
					CA22837C20943F290023B3C1 = {
						CreatedOnToolsVersion = 9.2;
						ProvisioningStyle = Automatic;
						SystemCapabilities = {
							com.apple.WAC = {
								enabled = 0;
							};
						};
					};
					CAFA54982104765300C4A808 = {
						CreatedOnToolsVersion = 9.4.1;
						ProvisioningStyle = Automatic;
						TestTargetID = CA22837C20943F290023B3C1;
					};
				};
			};
			buildConfigurationList = CA22837820943F290023B3C1 /* Build configuration list for PBXProject "OhJooYeo" */;
			compatibilityVersion = "Xcode 8.0";
			developmentRegion = en;
			hasScannedForEncodings = 0;
			knownRegions = (
				en,
				Base,
			);
			mainGroup = CA22837420943F290023B3C1;
			productRefGroup = CA22837E20943F290023B3C1 /* Products */;
			projectDirPath = "";
			projectRoot = "";
			targets = (
				CA22837C20943F290023B3C1 /* OhJooYeo */,
				CAFA54982104765300C4A808 /* OhJooYeoTests */,
			);
		};
/* End PBXProject section */

/* Begin PBXResourcesBuildPhase section */
		CA22837B20943F290023B3C1 /* Resources */ = {
			isa = PBXResourcesBuildPhase;
			buildActionMask = 2147483647;
			files = (
				CA22838E20943F2C0023B3C1 /* LaunchScreen.storyboard in Resources */,
				CA8AED7A22A2689B00DF6144 /* SignIn.storyboard in Resources */,
				CA83972822F32C5900248A8C /* Assets.xcassets in Resources */,
				CA83972622F32B1B00248A8C /* ChurchInfo.storyboard in Resources */,
				CA8330C822C8C4DC00462412 /* LocationView.storyboard in Resources */,
				CA8BB704228FDFE300E6FFD5 /* SignUpStoryBoard.storyboard in Resources */,
				CA7D2B2F2353486600640B13 /* NextPresenterSectionHeader.xib in Resources */,
				CAE1748C22DB39A7002F2A03 /* NoticeHeaderView.xib in Resources */,
				CA22838620943F2B0023B3C1 /* Main.storyboard in Resources */,
				CAE1749022DB3B16002F2A03 /* Notice.storyboard in Resources */,
				CA7D2B2D2353485B00640B13 /* FirstSectionHeader.xib in Resources */,
				CA8E2EEE22E30AF80027BCA1 /* AppInfo.storyboard in Resources */,
				CA9CD23E234891B700534FEB /* ColorAssets.xcassets in Resources */,
				CA8E2EE322E308120027BCA1 /* GroupInfo.storyboard in Resources */,
			);
			runOnlyForDeploymentPostprocessing = 0;
		};
		CAFA54972104765300C4A808 /* Resources */ = {
			isa = PBXResourcesBuildPhase;
			buildActionMask = 2147483647;
			files = (
			);
			runOnlyForDeploymentPostprocessing = 0;
		};
/* End PBXResourcesBuildPhase section */

/* Begin PBXShellScriptBuildPhase section */
		3204F0740F37EA362E284665 /* [CP] Check Pods Manifest.lock */ = {
			isa = PBXShellScriptBuildPhase;
			buildActionMask = 2147483647;
			files = (
			);
			inputFileListPaths = (
			);
			inputPaths = (
				"${PODS_PODFILE_DIR_PATH}/Podfile.lock",
				"${PODS_ROOT}/Manifest.lock",
			);
			name = "[CP] Check Pods Manifest.lock";
			outputFileListPaths = (
			);
			outputPaths = (
				"$(DERIVED_FILE_DIR)/Pods-OhJooYeoTests-checkManifestLockResult.txt",
			);
			runOnlyForDeploymentPostprocessing = 0;
			shellPath = /bin/sh;
			shellScript = "diff \"${PODS_PODFILE_DIR_PATH}/Podfile.lock\" \"${PODS_ROOT}/Manifest.lock\" > /dev/null\nif [ $? != 0 ] ; then\n    # print error to STDERR\n    echo \"error: The sandbox is not in sync with the Podfile.lock. Run 'pod install' or update your CocoaPods installation.\" >&2\n    exit 1\nfi\n# This output is used by Xcode 'outputs' to avoid re-running this script phase.\necho \"SUCCESS\" > \"${SCRIPT_OUTPUT_FILE_0}\"\n";
			showEnvVarsInLog = 0;
		};
		4AFDD06097718F73F3EC83EC /* [CP] Check Pods Manifest.lock */ = {
			isa = PBXShellScriptBuildPhase;
			buildActionMask = 2147483647;
			files = (
			);
			inputFileListPaths = (
			);
			inputPaths = (
				"${PODS_PODFILE_DIR_PATH}/Podfile.lock",
				"${PODS_ROOT}/Manifest.lock",
			);
			name = "[CP] Check Pods Manifest.lock";
			outputFileListPaths = (
			);
			outputPaths = (
				"$(DERIVED_FILE_DIR)/Pods-OhJooYeo-checkManifestLockResult.txt",
			);
			runOnlyForDeploymentPostprocessing = 0;
			shellPath = /bin/sh;
			shellScript = "diff \"${PODS_PODFILE_DIR_PATH}/Podfile.lock\" \"${PODS_ROOT}/Manifest.lock\" > /dev/null\nif [ $? != 0 ] ; then\n    # print error to STDERR\n    echo \"error: The sandbox is not in sync with the Podfile.lock. Run 'pod install' or update your CocoaPods installation.\" >&2\n    exit 1\nfi\n# This output is used by Xcode 'outputs' to avoid re-running this script phase.\necho \"SUCCESS\" > \"${SCRIPT_OUTPUT_FILE_0}\"\n";
			showEnvVarsInLog = 0;
		};
		BABDB1147D5B878DF5B37054 /* [CP] Embed Pods Frameworks */ = {
			isa = PBXShellScriptBuildPhase;
			buildActionMask = 2147483647;
			files = (
			);
			inputPaths = (
				"${PODS_ROOT}/Target Support Files/Pods-OhJooYeo/Pods-OhJooYeo-frameworks.sh",
				"${BUILT_PRODUCTS_DIR}/Alamofire/Alamofire.framework",
				"${BUILT_PRODUCTS_DIR}/Alamofire-SwiftyJSON/Alamofire_SwiftyJSON.framework",
				"${PODS_ROOT}/NMapsMap/framework/NMapsMap.framework",
				"${BUILT_PRODUCTS_DIR}/NVActivityIndicatorView/NVActivityIndicatorView.framework",
				"${BUILT_PRODUCTS_DIR}/Realm/Realm.framework",
				"${BUILT_PRODUCTS_DIR}/RealmSwift/RealmSwift.framework",
				"${BUILT_PRODUCTS_DIR}/RxAlamofire/RxAlamofire.framework",
				"${BUILT_PRODUCTS_DIR}/RxCocoa/RxCocoa.framework",
				"${BUILT_PRODUCTS_DIR}/RxSwift/RxSwift.framework",
				"${BUILT_PRODUCTS_DIR}/SnapKit/SnapKit.framework",
				"${BUILT_PRODUCTS_DIR}/SwiftyJSON/SwiftyJSON.framework",
				"${BUILT_PRODUCTS_DIR}/Swinject/Swinject.framework",
			);
			name = "[CP] Embed Pods Frameworks";
			outputPaths = (
				"${TARGET_BUILD_DIR}/${FRAMEWORKS_FOLDER_PATH}/Alamofire.framework",
				"${TARGET_BUILD_DIR}/${FRAMEWORKS_FOLDER_PATH}/Alamofire_SwiftyJSON.framework",
				"${TARGET_BUILD_DIR}/${FRAMEWORKS_FOLDER_PATH}/NMapsMap.framework",
				"${TARGET_BUILD_DIR}/${FRAMEWORKS_FOLDER_PATH}/NVActivityIndicatorView.framework",
				"${TARGET_BUILD_DIR}/${FRAMEWORKS_FOLDER_PATH}/Realm.framework",
				"${TARGET_BUILD_DIR}/${FRAMEWORKS_FOLDER_PATH}/RealmSwift.framework",
				"${TARGET_BUILD_DIR}/${FRAMEWORKS_FOLDER_PATH}/RxAlamofire.framework",
				"${TARGET_BUILD_DIR}/${FRAMEWORKS_FOLDER_PATH}/RxCocoa.framework",
				"${TARGET_BUILD_DIR}/${FRAMEWORKS_FOLDER_PATH}/RxSwift.framework",
				"${TARGET_BUILD_DIR}/${FRAMEWORKS_FOLDER_PATH}/SnapKit.framework",
				"${TARGET_BUILD_DIR}/${FRAMEWORKS_FOLDER_PATH}/SwiftyJSON.framework",
				"${TARGET_BUILD_DIR}/${FRAMEWORKS_FOLDER_PATH}/Swinject.framework",
			);
			runOnlyForDeploymentPostprocessing = 0;
			shellPath = /bin/sh;
			shellScript = "\"${PODS_ROOT}/Target Support Files/Pods-OhJooYeo/Pods-OhJooYeo-frameworks.sh\"\n";
			showEnvVarsInLog = 0;
		};
		CA6E970C220C573100DFE0AE /* ShellScript */ = {
			isa = PBXShellScriptBuildPhase;
			buildActionMask = 2147483647;
			files = (
			);
			inputPaths = (
			);
			outputPaths = (
			);
			runOnlyForDeploymentPostprocessing = 0;
			shellPath = /bin/sh;
			shellScript = "sh Scripts/strip-frameworks.sh\n";
		};
/* End PBXShellScriptBuildPhase section */

/* Begin PBXSourcesBuildPhase section */
		CA22837920943F290023B3C1 /* Sources */ = {
			isa = PBXSourcesBuildPhase;
			buildActionMask = 2147483647;
			files = (
				CA6822632205AF710001126B /* MoreTableViewCell.swift in Sources */,
				CAFB287520D4D47200B72722 /* DbManager.swift in Sources */,
				CA91B25722F59F0A00970B31 /* [Get]GroupInfoDatas.swift in Sources */,
				CAA3FA6822183A47006C30F0 /* HistoryTableViewCell.swift in Sources */,
				CA7D2B3323534D3000640B13 /* NextPresenterSectionHeader.swift in Sources */,
				CA0AB21620C23C190028BC69 /* AdvertisementTableViewCell.swift in Sources */,
				CA91B25922F5CDB700970B31 /* RealmManager.swift in Sources */,
				CA8E2EDF22E301E50027BCA1 /* GroupInfo.swift in Sources */,
				CAD7BBD72166036B006661AF /* MusicCollectionViewCell.swift in Sources */,
				CA85B08122C74CB100431E74 /* BackgroundView.swift in Sources */,
				CA4C68A3235205D70057BEC3 /* BaseRequest.swift in Sources */,
				CAFB287D20D4E7DE00B72722 /* GlobalState.swift in Sources */,
				CA91B25B22F5CDC100970B31 /* RealmHelper.swift in Sources */,
				CA4FA40920B9270800BE6730 /* MusicViewController.swift in Sources */,
				CAA924E42349EF0A0037C23D /* MainTabBar.swift in Sources */,
				CAE1748A22DB38F7002F2A03 /* NoticeCell.swift in Sources */,
				CA4FA40420B926C600BE6730 /* PhraseDetailViewController.swift in Sources */,
				CA3080CC2130FE0400255A7E /* ConstantString.swift in Sources */,
				CAD7BBCB2165B860006661AF /* [Post]PhraseMessages.swift in Sources */,
				CAA3FA5E221804A8006C30F0 /* GroupInfoViewController.swift in Sources */,
				CAD7BBD921660D38006661AF /* MusicViewModel.swift in Sources */,
				CA2DED8E21CD2769009671FE /* NextPresenter.swift in Sources */,
				CA4C68A5235208F00057BEC3 /* AdvertisementRequest.swift in Sources */,
				CA6E9716220C69DA00DFE0AE /* LocationViewController.swift in Sources */,
				CAA6B99E20F9CAFB00E802BC /* Music.swift in Sources */,
				CA9CD240234897A000534FEB /* UIColorEx.swift in Sources */,
				CA7D2B3123534D2600640B13 /* FirstSectionHeader.swift in Sources */,
				CA91B25D22F5CDEB00970B31 /* BaseRealm.swift in Sources */,
				CAA3FA66221836BF006C30F0 /* HistoryViewController.swift in Sources */,
				CA8E2EE822E30ABA0027BCA1 /* ChurchInfo.swift in Sources */,
				CABB716B22DF626D00C2FE5B /* NoticeModelItem.swift in Sources */,
				CA84C2452309662900526BAB /* NoDataErrorView.swift in Sources */,
				CAE1749622DB45A8002F2A03 /* NoticeHeaderView.swift in Sources */,
				CAFB288220D4F13A00B72722 /* WholeWorshipDataDAO.swift in Sources */,
				CA4FA41220B940D900BE6730 /* NextPresenterTableViewCell.swift in Sources */,
				CA4FA41520B9420400BE6730 /* WorshipOrder.swift in Sources */,
				CA4C68A72352114E0057BEC3 /* WorshipInfoRequest.swift in Sources */,
				CA4FA40F20B9406300BE6730 /* OrderTableViewCell.swift in Sources */,
				CA7D2B3823535D2D00640B13 /* PhraseMessageRequest.swift in Sources */,
				CA050141214196BC00B89F3D /* WorshipIDListDataViewModel.swift in Sources */,
				CAFB287B20D4E7CA00B72722 /* App.swift in Sources */,
				CA84C2412309590B00526BAB /* ChurchInfoViewModel.swift in Sources */,
				CA888F7D227AFDAF001B6E87 /* LoginViewController.swift in Sources */,
				CA3080CE2130FE1600255A7E /* NotificationNameExtension.swift in Sources */,
				CA0AB21820C23ECE0028BC69 /* Advertisement.swift in Sources */,
				CA3080C92130FDB600255A7E /* UtilFunction.swift in Sources */,
				CA70536420BAEDBC00815D37 /* PhraseMessage.swift in Sources */,
				CAD7BBD32165BD6F006661AF /* MusicDAO.swift in Sources */,
				CA91B25522F59D2A00970B31 /* ViewModel.swift in Sources */,
				CA9697E42340BC7700969B48 /* CardView.swift in Sources */,
				CA888F80227AFFBA001B6E87 /* OJYUITextField.swift in Sources */,
				CAA3FA64221804C1006C30F0 /* DonationViewController.swift in Sources */,
				CAA3FA62221804B9006C30F0 /* OpenSourceViewController.swift in Sources */,
				CAE1749222DB3B1F002F2A03 /* NoticeViewController.swift in Sources */,
				CA84C2472309663400526BAB /* NetworkErrorView.swift in Sources */,
				CA9CF3D422081BBF0098CFA7 /* PhraseMessageSet.swift in Sources */,
				CA84C24323095E1600526BAB /* AppInfo.swift in Sources */,
				CAF3DEA6234D71780018FA6B /* NetworkDefine.swift in Sources */,
				CAA025AE21CD484A004DE58C /* WorshipIdListDAO.swift in Sources */,
				CA83A16022B2923F00B2F549 /* Notice.swift in Sources */,
				CA70536220BAECAF00815D37 /* PhraseDetailTableViewCell.swift in Sources */,
				CA3080C52130F6EC00255A7E /* WorshipMainInfoViewModel.swift in Sources */,
				CAD7BBCD2165B8AD006661AF /* [Get]WorshipIDList.swift in Sources */,
				CA7D2B3623535C8C00640B13 /* PhraseMessageViewModel.swift in Sources */,
				CAD7BBCF2165B8BB006661AF /* [Post]RecentDatas.swift in Sources */,
				CA9697E12340BC6100969B48 /* BaseTableView.swift in Sources */,
				CA22838320943F2A0023B3C1 /* MainViewController.swift in Sources */,
				CA22838120943F2A0023B3C1 /* AppDelegate.swift in Sources */,
				CA8AED7822A256A900DF6144 /* [Post]SignIn.swift in Sources */,
				CA83972522F32B1B00248A8C /* ChuchInfoViewController.swift in Sources */,
				CA8BB6FE228FDB5D00E6FFD5 /* LoginViewModel.swift in Sources */,
				CA4FA40720B926E400BE6730 /* AdvertisementViewController.swift in Sources */,
				CA8BB700228FDC2500E6FFD5 /* OJYUIButton.swift in Sources */,
				CAF3DEA4234CDB5F0018FA6B /* APIService.swift in Sources */,
				CA9FC090235C090A007C1255 /* SegueName.swift in Sources */,
				CA6822672205AFA50001126B /* MoreViewController.swift in Sources */,
				CAA821E322E355DB00B91194 /* AppInfoViewController.swift in Sources */,
				CAE645E42123C19700B109B7 /* DbEntityNameConstant.swift in Sources */,
				CAF3DEA8234D8C980018FA6B /* WorshipManager.swift in Sources */,
				CAE1749422DB4291002F2A03 /* NoticeViewModel.swift in Sources */,
				CAFB287920D4E6F400B72722 /* API.swift in Sources */,
				CA8BB702228FDF5000E6FFD5 /* SignUpViewController.swift in Sources */,
				CAA3FA60221804B0006C30F0 /* VersionInfoViewController.swift in Sources */,
				CAD7BBC82165B77F006661AF /* AdvertisementViewModel.swift in Sources */,
				CA7A426A20B94C080097D99E /* WorshipMainInfo.swift in Sources */,
				CAA025B021CDCC71004DE58C /* WholeWorshipData.swift in Sources */,
				CA91B25222F59CF300970B31 /* GroupInfoViewModel.swift in Sources */,
				CA42ED10213A36F400F9BB6E /* WorshipIdDate.swift in Sources */,
			);
			runOnlyForDeploymentPostprocessing = 0;
		};
		CAFA54952104765300C4A808 /* Sources */ = {
			isa = PBXSourcesBuildPhase;
			buildActionMask = 2147483647;
			files = (
				CAFA549C2104765300C4A808 /* OhJooYeoTests.swift in Sources */,
			);
			runOnlyForDeploymentPostprocessing = 0;
		};
/* End PBXSourcesBuildPhase section */

/* Begin PBXTargetDependency section */
		CAFA549F2104765300C4A808 /* PBXTargetDependency */ = {
			isa = PBXTargetDependency;
			target = CA22837C20943F290023B3C1 /* OhJooYeo */;
			targetProxy = CAFA549E2104765300C4A808 /* PBXContainerItemProxy */;
		};
/* End PBXTargetDependency section */

/* Begin PBXVariantGroup section */
		CA22838420943F2B0023B3C1 /* Main.storyboard */ = {
			isa = PBXVariantGroup;
			children = (
				CA22838520943F2B0023B3C1 /* Base */,
			);
			name = Main.storyboard;
			sourceTree = "<group>";
		};
		CA22838C20943F2C0023B3C1 /* LaunchScreen.storyboard */ = {
			isa = PBXVariantGroup;
			children = (
				CA22838D20943F2C0023B3C1 /* Base */,
			);
			name = LaunchScreen.storyboard;
			sourceTree = "<group>";
		};
/* End PBXVariantGroup section */

/* Begin XCBuildConfiguration section */
		CA22839020943F2C0023B3C1 /* Debug */ = {
			isa = XCBuildConfiguration;
			buildSettings = {
				ALWAYS_SEARCH_USER_PATHS = NO;
				CLANG_ANALYZER_NONNULL = YES;
				CLANG_ANALYZER_NUMBER_OBJECT_CONVERSION = YES_AGGRESSIVE;
				CLANG_CXX_LANGUAGE_STANDARD = "gnu++14";
				CLANG_CXX_LIBRARY = "libc++";
				CLANG_ENABLE_MODULES = YES;
				CLANG_ENABLE_OBJC_ARC = YES;
				CLANG_LINK_OBJC_RUNTIME = YES;
				CLANG_WARN_BLOCK_CAPTURE_AUTORELEASING = YES;
				CLANG_WARN_BOOL_CONVERSION = YES;
				CLANG_WARN_COMMA = YES;
				CLANG_WARN_CONSTANT_CONVERSION = YES;
				CLANG_WARN_DIRECT_OBJC_ISA_USAGE = YES_ERROR;
				CLANG_WARN_DOCUMENTATION_COMMENTS = YES;
				CLANG_WARN_EMPTY_BODY = YES;
				CLANG_WARN_ENUM_CONVERSION = YES;
				CLANG_WARN_INFINITE_RECURSION = YES;
				CLANG_WARN_INT_CONVERSION = YES;
				CLANG_WARN_NON_LITERAL_NULL_CONVERSION = YES;
				CLANG_WARN_OBJC_LITERAL_CONVERSION = YES;
				CLANG_WARN_OBJC_ROOT_CLASS = YES_ERROR;
				CLANG_WARN_RANGE_LOOP_ANALYSIS = YES;
				CLANG_WARN_STRICT_PROTOTYPES = YES;
				CLANG_WARN_SUSPICIOUS_MOVE = YES;
				CLANG_WARN_UNGUARDED_AVAILABILITY = YES_AGGRESSIVE;
				CLANG_WARN_UNREACHABLE_CODE = YES;
				CLANG_WARN__DUPLICATE_METHOD_MATCH = YES;
				CODE_SIGN_IDENTITY = "iPhone Developer";
				COPY_PHASE_STRIP = NO;
				DEBUG_INFORMATION_FORMAT = dwarf;
				ENABLE_STRICT_OBJC_MSGSEND = YES;
				ENABLE_TESTABILITY = YES;
				GCC_C_LANGUAGE_STANDARD = gnu11;
				GCC_DYNAMIC_NO_PIC = NO;
				GCC_NO_COMMON_BLOCKS = YES;
				GCC_OPTIMIZATION_LEVEL = 0;
				GCC_PREPROCESSOR_DEFINITIONS = (
					"DEBUG=1",
					"$(inherited)",
				);
				GCC_WARN_64_TO_32_BIT_CONVERSION = YES;
				GCC_WARN_ABOUT_RETURN_TYPE = YES_ERROR;
				GCC_WARN_UNDECLARED_SELECTOR = YES;
				GCC_WARN_UNINITIALIZED_AUTOS = YES_AGGRESSIVE;
				GCC_WARN_UNUSED_FUNCTION = YES;
				GCC_WARN_UNUSED_VARIABLE = YES;
				IPHONEOS_DEPLOYMENT_TARGET = 11.0;
				MTL_ENABLE_DEBUG_INFO = YES;
				ONLY_ACTIVE_ARCH = NO;
				SDKROOT = iphoneos;
				SWIFT_ACTIVE_COMPILATION_CONDITIONS = DEBUG;
				SWIFT_OPTIMIZATION_LEVEL = "-Onone";
				VALID_ARCHS = "arm64 arm64e armv7 armv7s i386";
			};
			name = Debug;
		};
		CA22839120943F2C0023B3C1 /* Release */ = {
			isa = XCBuildConfiguration;
			buildSettings = {
				ALWAYS_SEARCH_USER_PATHS = NO;
				CLANG_ANALYZER_NONNULL = YES;
				CLANG_ANALYZER_NUMBER_OBJECT_CONVERSION = YES_AGGRESSIVE;
				CLANG_CXX_LANGUAGE_STANDARD = "gnu++14";
				CLANG_CXX_LIBRARY = "libc++";
				CLANG_ENABLE_MODULES = YES;
				CLANG_ENABLE_OBJC_ARC = YES;
				CLANG_LINK_OBJC_RUNTIME = YES;
				CLANG_WARN_BLOCK_CAPTURE_AUTORELEASING = YES;
				CLANG_WARN_BOOL_CONVERSION = YES;
				CLANG_WARN_COMMA = YES;
				CLANG_WARN_CONSTANT_CONVERSION = YES;
				CLANG_WARN_DIRECT_OBJC_ISA_USAGE = YES_ERROR;
				CLANG_WARN_DOCUMENTATION_COMMENTS = YES;
				CLANG_WARN_EMPTY_BODY = YES;
				CLANG_WARN_ENUM_CONVERSION = YES;
				CLANG_WARN_INFINITE_RECURSION = YES;
				CLANG_WARN_INT_CONVERSION = YES;
				CLANG_WARN_NON_LITERAL_NULL_CONVERSION = YES;
				CLANG_WARN_OBJC_LITERAL_CONVERSION = YES;
				CLANG_WARN_OBJC_ROOT_CLASS = YES_ERROR;
				CLANG_WARN_RANGE_LOOP_ANALYSIS = YES;
				CLANG_WARN_STRICT_PROTOTYPES = YES;
				CLANG_WARN_SUSPICIOUS_MOVE = YES;
				CLANG_WARN_UNGUARDED_AVAILABILITY = YES_AGGRESSIVE;
				CLANG_WARN_UNREACHABLE_CODE = YES;
				CLANG_WARN__DUPLICATE_METHOD_MATCH = YES;
				CODE_SIGN_IDENTITY = "iPhone Developer";
				COPY_PHASE_STRIP = NO;
				DEBUG_INFORMATION_FORMAT = "dwarf-with-dsym";
				ENABLE_NS_ASSERTIONS = NO;
				ENABLE_STRICT_OBJC_MSGSEND = YES;
				GCC_C_LANGUAGE_STANDARD = gnu11;
				GCC_NO_COMMON_BLOCKS = YES;
				GCC_WARN_64_TO_32_BIT_CONVERSION = YES;
				GCC_WARN_ABOUT_RETURN_TYPE = YES_ERROR;
				GCC_WARN_UNDECLARED_SELECTOR = YES;
				GCC_WARN_UNINITIALIZED_AUTOS = YES_AGGRESSIVE;
				GCC_WARN_UNUSED_FUNCTION = YES;
				GCC_WARN_UNUSED_VARIABLE = YES;
				IPHONEOS_DEPLOYMENT_TARGET = 11.0;
				MTL_ENABLE_DEBUG_INFO = NO;
				SDKROOT = iphoneos;
				SWIFT_OPTIMIZATION_LEVEL = "-Owholemodule";
				VALIDATE_PRODUCT = YES;
				VALID_ARCHS = "arm64 arm64e armv7 armv7s i386";
			};
			name = Release;
		};
		CA22839320943F2C0023B3C1 /* Debug */ = {
			isa = XCBuildConfiguration;
			baseConfigurationReference = 9D27ECAC31BF081321680EC2 /* Pods-OhJooYeo.debug.xcconfig */;
			buildSettings = {
				ASSETCATALOG_COMPILER_APPICON_NAME = AppIcon;
				CLANG_ENABLE_OBJC_ARC = YES;
				CLANG_LINK_OBJC_RUNTIME = YES;
				CODE_SIGN_STYLE = Automatic;
				DEVELOPMENT_TEAM = HGQ9YZ4HTR;
				FRAMEWORK_SEARCH_PATHS = (
					"<Multiple",
					"values>",
					"$(inherited)",
					"$(PROJECT_DIR)/Pods/NMapsMap/framework",
					"$(PROJECT_DIR)/Frameworks",
				);
				INFOPLIST_FILE = OhJooYeo/Info.plist;
				IPHONEOS_DEPLOYMENT_TARGET = 11.0;
				LD_RUNPATH_SEARCH_PATHS = "$(inherited) @executable_path/Frameworks";
				ONLY_ACTIVE_ARCH = YES;
				OTHER_LDFLAGS = (
					"$(inherited)",
					"-ObjC",
					"-framework",
					"\"Alamofire\"",
					"-framework",
					"\"Alamofire_SwiftyJSON\"",
					"-framework",
					"\"NVActivityIndicatorView\"",
					"-framework",
					"\"Realm\"",
					"-framework",
					"\"RealmSwift\"",
					"-framework",
					"\"SwiftyJSON\"",
					"-lxml2",
				);
				PRODUCT_BUNDLE_IDENTIFIER = com.ohjooyeo.OhJooYeo;
				PRODUCT_NAME = "$(TARGET_NAME)";
				SWIFT_PRECOMPILE_BRIDGING_HEADER = NO;
				SWIFT_REFLECTION_METADATA_LEVEL = all;
				SWIFT_VERSION = 4.0;
				TARGETED_DEVICE_FAMILY = 1;
			};
			name = Debug;
		};
		CA22839420943F2C0023B3C1 /* Release */ = {
			isa = XCBuildConfiguration;
			baseConfigurationReference = AEBAFC4EFBE85C934F60FCE7 /* Pods-OhJooYeo.release.xcconfig */;
			buildSettings = {
				ASSETCATALOG_COMPILER_APPICON_NAME = AppIcon;
				CLANG_ENABLE_OBJC_ARC = YES;
				CLANG_LINK_OBJC_RUNTIME = YES;
				CODE_SIGN_STYLE = Automatic;
				DEVELOPMENT_TEAM = HGQ9YZ4HTR;
				FRAMEWORK_SEARCH_PATHS = (
					"<Multiple",
					"values>",
					"$(inherited)",
					"$(PROJECT_DIR)/Pods/NMapsMap/framework",
					"$(PROJECT_DIR)/Frameworks",
				);
				INFOPLIST_FILE = OhJooYeo/Info.plist;
				IPHONEOS_DEPLOYMENT_TARGET = 11.0;
				LD_RUNPATH_SEARCH_PATHS = "$(inherited) @executable_path/Frameworks";
				ONLY_ACTIVE_ARCH = YES;
				OTHER_LDFLAGS = (
					"$(inherited)",
					"-ObjC",
					"-framework",
					"\"Alamofire\"",
					"-framework",
					"\"Alamofire_SwiftyJSON\"",
					"-framework",
					"\"NVActivityIndicatorView\"",
					"-framework",
					"\"Realm\"",
					"-framework",
					"\"RealmSwift\"",
					"-framework",
					"\"SwiftyJSON\"",
					"-lxml2",
				);
				PRODUCT_BUNDLE_IDENTIFIER = com.ohjooyeo.OhJooYeo;
				PRODUCT_NAME = "$(TARGET_NAME)";
				SWIFT_PRECOMPILE_BRIDGING_HEADER = NO;
				SWIFT_REFLECTION_METADATA_LEVEL = all;
				SWIFT_VERSION = 4.0;
				TARGETED_DEVICE_FAMILY = 1;
			};
			name = Release;
		};
		CAFA54A02104765300C4A808 /* Debug */ = {
			isa = XCBuildConfiguration;
			baseConfigurationReference = 511A0CD1AD0D8940CD915711 /* Pods-OhJooYeoTests.debug.xcconfig */;
			buildSettings = {
				BUNDLE_LOADER = "$(TEST_HOST)";
				CLANG_ENABLE_OBJC_WEAK = YES;
				CLANG_WARN_DEPRECATED_OBJC_IMPLEMENTATIONS = YES;
				CLANG_WARN_OBJC_IMPLICIT_RETAIN_SELF = YES;
				CODE_SIGN_STYLE = Automatic;
				DEVELOPMENT_TEAM = HGQ9YZ4HTR;
				INFOPLIST_FILE = OhJooYeoTests/Info.plist;
				IPHONEOS_DEPLOYMENT_TARGET = 11.4;
				LD_RUNPATH_SEARCH_PATHS = "$(inherited) @executable_path/Frameworks @loader_path/Frameworks";
				PRODUCT_BUNDLE_IDENTIFIER = com.devming.OhJooYeoTests;
				PRODUCT_NAME = "$(TARGET_NAME)";
				SWIFT_VERSION = 4.0;
				TARGETED_DEVICE_FAMILY = "1,2";
				TEST_HOST = "$(BUILT_PRODUCTS_DIR)/OhJooYeo.app/OhJooYeo";
			};
			name = Debug;
		};
		CAFA54A12104765300C4A808 /* Release */ = {
			isa = XCBuildConfiguration;
			baseConfigurationReference = 6B7B7D0D2B3FBA33659BD482 /* Pods-OhJooYeoTests.release.xcconfig */;
			buildSettings = {
				BUNDLE_LOADER = "$(TEST_HOST)";
				CLANG_ENABLE_OBJC_WEAK = YES;
				CLANG_WARN_DEPRECATED_OBJC_IMPLEMENTATIONS = YES;
				CLANG_WARN_OBJC_IMPLICIT_RETAIN_SELF = YES;
				CODE_SIGN_STYLE = Automatic;
				DEVELOPMENT_TEAM = HGQ9YZ4HTR;
				INFOPLIST_FILE = OhJooYeoTests/Info.plist;
				IPHONEOS_DEPLOYMENT_TARGET = 11.4;
				LD_RUNPATH_SEARCH_PATHS = "$(inherited) @executable_path/Frameworks @loader_path/Frameworks";
				PRODUCT_BUNDLE_IDENTIFIER = com.devming.OhJooYeoTests;
				PRODUCT_NAME = "$(TARGET_NAME)";
				SWIFT_VERSION = 4.0;
				TARGETED_DEVICE_FAMILY = "1,2";
				TEST_HOST = "$(BUILT_PRODUCTS_DIR)/OhJooYeo.app/OhJooYeo";
			};
			name = Release;
		};
/* End XCBuildConfiguration section */

/* Begin XCConfigurationList section */
		CA22837820943F290023B3C1 /* Build configuration list for PBXProject "OhJooYeo" */ = {
			isa = XCConfigurationList;
			buildConfigurations = (
				CA22839020943F2C0023B3C1 /* Debug */,
				CA22839120943F2C0023B3C1 /* Release */,
			);
			defaultConfigurationIsVisible = 0;
			defaultConfigurationName = Release;
		};
		CA22839220943F2C0023B3C1 /* Build configuration list for PBXNativeTarget "OhJooYeo" */ = {
			isa = XCConfigurationList;
			buildConfigurations = (
				CA22839320943F2C0023B3C1 /* Debug */,
				CA22839420943F2C0023B3C1 /* Release */,
			);
			defaultConfigurationIsVisible = 0;
			defaultConfigurationName = Release;
		};
		CAFA54A22104765300C4A808 /* Build configuration list for PBXNativeTarget "OhJooYeoTests" */ = {
			isa = XCConfigurationList;
			buildConfigurations = (
				CAFA54A02104765300C4A808 /* Debug */,
				CAFA54A12104765300C4A808 /* Release */,
			);
			defaultConfigurationIsVisible = 0;
			defaultConfigurationName = Release;
		};
/* End XCConfigurationList section */
	};
	rootObject = CA22837520943F290023B3C1 /* Project object */;
}
